// !$*UTF8*$!
{
	archiveVersion = 1;
	classes = {
	};
	objectVersion = 46;
	objects = {

/* Begin PBXBuildFile section */
		8B881A251D8878100020D9CB /* Bernie (1).png in Resources */ = {isa = PBXBuildFile; fileRef = 8B8819801D88780F0020D9CB /* Bernie (1).png */; };
		8B881A261D8878100020D9CB /* Bernie (2).png in Resources */ = {isa = PBXBuildFile; fileRef = 8B8819811D88780F0020D9CB /* Bernie (2).png */; };
		8B881A271D8878100020D9CB /* Bernie (3).png in Resources */ = {isa = PBXBuildFile; fileRef = 8B8819821D88780F0020D9CB /* Bernie (3).png */; };
		8B881A281D8878100020D9CB /* Bernie (4).png in Resources */ = {isa = PBXBuildFile; fileRef = 8B8819831D88780F0020D9CB /* Bernie (4).png */; };
		8B881A291D8878100020D9CB /* Bernie (5).png in Resources */ = {isa = PBXBuildFile; fileRef = 8B8819841D88780F0020D9CB /* Bernie (5).png */; };
		8B881A2A1D8878100020D9CB /* Bernie (6).png in Resources */ = {isa = PBXBuildFile; fileRef = 8B8819851D88780F0020D9CB /* Bernie (6).png */; };
		8B881A2B1D8878100020D9CB /* Bernie (7).png in Resources */ = {isa = PBXBuildFile; fileRef = 8B8819861D88780F0020D9CB /* Bernie (7).png */; };
		8B881A2C1D8878100020D9CB /* Bernie (8).png in Resources */ = {isa = PBXBuildFile; fileRef = 8B8819871D88780F0020D9CB /* Bernie (8).png */; };
		8B881A2D1D8878100020D9CB /* Bernie (9).png in Resources */ = {isa = PBXBuildFile; fileRef = 8B8819881D88780F0020D9CB /* Bernie (9).png */; };
		8B881A2E1D8878100020D9CB /* Bernie (10).png in Resources */ = {isa = PBXBuildFile; fileRef = 8B8819891D88780F0020D9CB /* Bernie (10).png */; };
		8B881A2F1D8878100020D9CB /* Beyonce (1).png in Resources */ = {isa = PBXBuildFile; fileRef = 8B88198A1D88780F0020D9CB /* Beyonce (1).png */; };
		8B881A301D8878100020D9CB /* Beyonce (2).png in Resources */ = {isa = PBXBuildFile; fileRef = 8B88198B1D88780F0020D9CB /* Beyonce (2).png */; };
		8B881A311D8878100020D9CB /* Beyonce (3).png in Resources */ = {isa = PBXBuildFile; fileRef = 8B88198C1D88780F0020D9CB /* Beyonce (3).png */; };
		8B881A321D8878100020D9CB /* Beyonce (4).png in Resources */ = {isa = PBXBuildFile; fileRef = 8B88198D1D88780F0020D9CB /* Beyonce (4).png */; };
		8B881A331D8878100020D9CB /* Beyonce (5).png in Resources */ = {isa = PBXBuildFile; fileRef = 8B88198E1D88780F0020D9CB /* Beyonce (5).png */; };
		8B881A341D8878100020D9CB /* Beyonce (6).png in Resources */ = {isa = PBXBuildFile; fileRef = 8B88198F1D88780F0020D9CB /* Beyonce (6).png */; };
		8B881A351D8878100020D9CB /* Beyonce (7).png in Resources */ = {isa = PBXBuildFile; fileRef = 8B8819901D88780F0020D9CB /* Beyonce (7).png */; };
		8B881A361D8878100020D9CB /* Beyonce (8).png in Resources */ = {isa = PBXBuildFile; fileRef = 8B8819911D88780F0020D9CB /* Beyonce (8).png */; };
		8B881A371D8878100020D9CB /* Beyonce (9).png in Resources */ = {isa = PBXBuildFile; fileRef = 8B8819921D88780F0020D9CB /* Beyonce (9).png */; };
		8B881A381D8878100020D9CB /* Beyonce (10).png in Resources */ = {isa = PBXBuildFile; fileRef = 8B8819931D88780F0020D9CB /* Beyonce (10).png */; };
		8B881A391D8878100020D9CB /* Beyonce (11).png in Resources */ = {isa = PBXBuildFile; fileRef = 8B8819941D88780F0020D9CB /* Beyonce (11).png */; };
		8B881A3A1D8878100020D9CB /* Beyonce (12).png in Resources */ = {isa = PBXBuildFile; fileRef = 8B8819951D88780F0020D9CB /* Beyonce (12).png */; };
		8B881A3B1D8878100020D9CB /* Beyonce (13).png in Resources */ = {isa = PBXBuildFile; fileRef = 8B8819961D88780F0020D9CB /* Beyonce (13).png */; };
		8B881A3C1D8878100020D9CB /* Beyonce (14).png in Resources */ = {isa = PBXBuildFile; fileRef = 8B8819971D88780F0020D9CB /* Beyonce (14).png */; };
		8B881A3D1D8878100020D9CB /* Beyonce (15).png in Resources */ = {isa = PBXBuildFile; fileRef = 8B8819981D88780F0020D9CB /* Beyonce (15).png */; };
		8B881A3E1D8878100020D9CB /* Bieber (1).png in Resources */ = {isa = PBXBuildFile; fileRef = 8B8819991D88780F0020D9CB /* Bieber (1).png */; };
		8B881A3F1D8878100020D9CB /* Bieber (2).png in Resources */ = {isa = PBXBuildFile; fileRef = 8B88199A1D88780F0020D9CB /* Bieber (2).png */; };
		8B881A401D8878100020D9CB /* Bieber (3).png in Resources */ = {isa = PBXBuildFile; fileRef = 8B88199B1D88780F0020D9CB /* Bieber (3).png */; };
		8B881A411D8878100020D9CB /* Bieber (4).png in Resources */ = {isa = PBXBuildFile; fileRef = 8B88199C1D88780F0020D9CB /* Bieber (4).png */; };
		8B881A421D8878100020D9CB /* Bieber (5).png in Resources */ = {isa = PBXBuildFile; fileRef = 8B88199D1D88780F0020D9CB /* Bieber (5).png */; };
		8B881A431D8878100020D9CB /* Bieber (6).png in Resources */ = {isa = PBXBuildFile; fileRef = 8B88199E1D88780F0020D9CB /* Bieber (6).png */; };
		8B881A441D8878100020D9CB /* Bieber (7).png in Resources */ = {isa = PBXBuildFile; fileRef = 8B88199F1D88780F0020D9CB /* Bieber (7).png */; };
		8B881A451D8878100020D9CB /* Bieber (8).png in Resources */ = {isa = PBXBuildFile; fileRef = 8B8819A01D88780F0020D9CB /* Bieber (8).png */; };
		8B881A461D8878100020D9CB /* Bieber (9).png in Resources */ = {isa = PBXBuildFile; fileRef = 8B8819A11D88780F0020D9CB /* Bieber (9).png */; };
		8B881A471D8878100020D9CB /* Bieber (10).png in Resources */ = {isa = PBXBuildFile; fileRef = 8B8819A21D88780F0020D9CB /* Bieber (10).png */; };
		8B881A481D8878100020D9CB /* Bieber (11).png in Resources */ = {isa = PBXBuildFile; fileRef = 8B8819A31D88780F0020D9CB /* Bieber (11).png */; };
		8B881A491D8878100020D9CB /* Bieber (12).png in Resources */ = {isa = PBXBuildFile; fileRef = 8B8819A41D88780F0020D9CB /* Bieber (12).png */; };
		8B881A4A1D8878100020D9CB /* Bieber (13).png in Resources */ = {isa = PBXBuildFile; fileRef = 8B8819A51D88780F0020D9CB /* Bieber (13).png */; };
		8B881A4B1D8878100020D9CB /* Bieber (14).png in Resources */ = {isa = PBXBuildFile; fileRef = 8B8819A61D88780F0020D9CB /* Bieber (14).png */; };
		8B881A4C1D8878100020D9CB /* Bieber (15).png in Resources */ = {isa = PBXBuildFile; fileRef = 8B8819A71D88780F0020D9CB /* Bieber (15).png */; };
		8B881A4D1D8878100020D9CB /* Chance (1).png in Resources */ = {isa = PBXBuildFile; fileRef = 8B8819A81D88780F0020D9CB /* Chance (1).png */; };
		8B881A4E1D8878100020D9CB /* Chance (2).png in Resources */ = {isa = PBXBuildFile; fileRef = 8B8819A91D88780F0020D9CB /* Chance (2).png */; };
		8B881A4F1D8878100020D9CB /* Chance (3).png in Resources */ = {isa = PBXBuildFile; fileRef = 8B8819AA1D88780F0020D9CB /* Chance (3).png */; };
		8B881A501D8878100020D9CB /* Chance (4).png in Resources */ = {isa = PBXBuildFile; fileRef = 8B8819AB1D88780F0020D9CB /* Chance (4).png */; };
		8B881A511D8878100020D9CB /* Chance (5).png in Resources */ = {isa = PBXBuildFile; fileRef = 8B8819AC1D88780F0020D9CB /* Chance (5).png */; };
		8B881A521D8878100020D9CB /* Chance (6).png in Resources */ = {isa = PBXBuildFile; fileRef = 8B8819AD1D88780F0020D9CB /* Chance (6).png */; };
		8B881A531D8878100020D9CB /* Chance (7).png in Resources */ = {isa = PBXBuildFile; fileRef = 8B8819AE1D88780F0020D9CB /* Chance (7).png */; };
		8B881A541D8878100020D9CB /* Chance (8).png in Resources */ = {isa = PBXBuildFile; fileRef = 8B8819AF1D88780F0020D9CB /* Chance (8).png */; };
		8B881A551D8878100020D9CB /* Chance (9).png in Resources */ = {isa = PBXBuildFile; fileRef = 8B8819B01D88780F0020D9CB /* Chance (9).png */; };
		8B881A561D8878100020D9CB /* Chance (10).png in Resources */ = {isa = PBXBuildFile; fileRef = 8B8819B11D88780F0020D9CB /* Chance (10).png */; };
		8B881A571D8878100020D9CB /* Chance (11).png in Resources */ = {isa = PBXBuildFile; fileRef = 8B8819B21D88780F0020D9CB /* Chance (11).png */; };
		8B881A581D8878100020D9CB /* Chance (12).png in Resources */ = {isa = PBXBuildFile; fileRef = 8B8819B31D88780F0020D9CB /* Chance (12).png */; };
		8B881A591D8878100020D9CB /* Chance (13).png in Resources */ = {isa = PBXBuildFile; fileRef = 8B8819B41D88780F0020D9CB /* Chance (13).png */; };
		8B881A5A1D8878100020D9CB /* Chance (14).png in Resources */ = {isa = PBXBuildFile; fileRef = 8B8819B51D88780F0020D9CB /* Chance (14).png */; };
		8B881A5B1D8878100020D9CB /* Chance (15).png in Resources */ = {isa = PBXBuildFile; fileRef = 8B8819B61D88780F0020D9CB /* Chance (15).png */; };
		8B881A5C1D8878100020D9CB /* Drake (1).png in Resources */ = {isa = PBXBuildFile; fileRef = 8B8819B71D8878100020D9CB /* Drake (1).png */; };
		8B881A5D1D8878100020D9CB /* Drake (2).png in Resources */ = {isa = PBXBuildFile; fileRef = 8B8819B81D8878100020D9CB /* Drake (2).png */; };
		8B881A5E1D8878100020D9CB /* Drake (3).png in Resources */ = {isa = PBXBuildFile; fileRef = 8B8819B91D8878100020D9CB /* Drake (3).png */; };
		8B881A5F1D8878100020D9CB /* Drake (4).png in Resources */ = {isa = PBXBuildFile; fileRef = 8B8819BA1D8878100020D9CB /* Drake (4).png */; };
		8B881A601D8878100020D9CB /* Drake (5).png in Resources */ = {isa = PBXBuildFile; fileRef = 8B8819BB1D8878100020D9CB /* Drake (5).png */; };
		8B881A611D8878100020D9CB /* Drake (6).png in Resources */ = {isa = PBXBuildFile; fileRef = 8B8819BC1D8878100020D9CB /* Drake (6).png */; };
		8B881A621D8878100020D9CB /* Drake (7).png in Resources */ = {isa = PBXBuildFile; fileRef = 8B8819BD1D8878100020D9CB /* Drake (7).png */; };
		8B881A631D8878100020D9CB /* Drake (8).png in Resources */ = {isa = PBXBuildFile; fileRef = 8B8819BE1D8878100020D9CB /* Drake (8).png */; };
		8B881A641D8878100020D9CB /* Drake (9).png in Resources */ = {isa = PBXBuildFile; fileRef = 8B8819BF1D8878100020D9CB /* Drake (9).png */; };
		8B881A651D8878100020D9CB /* Drake (10).png in Resources */ = {isa = PBXBuildFile; fileRef = 8B8819C01D8878100020D9CB /* Drake (10).png */; };
		8B881A661D8878100020D9CB /* Frank (1).png in Resources */ = {isa = PBXBuildFile; fileRef = 8B8819C11D8878100020D9CB /* Frank (1).png */; };
		8B881A671D8878100020D9CB /* Frank (2).png in Resources */ = {isa = PBXBuildFile; fileRef = 8B8819C21D8878100020D9CB /* Frank (2).png */; };
		8B881A681D8878100020D9CB /* Frank (3).png in Resources */ = {isa = PBXBuildFile; fileRef = 8B8819C31D8878100020D9CB /* Frank (3).png */; };
		8B881A691D8878100020D9CB /* Frank (4).png in Resources */ = {isa = PBXBuildFile; fileRef = 8B8819C41D8878100020D9CB /* Frank (4).png */; };
		8B881A6A1D8878100020D9CB /* Frank (5).png in Resources */ = {isa = PBXBuildFile; fileRef = 8B8819C51D8878100020D9CB /* Frank (5).png */; };
		8B881A6B1D8878100020D9CB /* Frank (6).png in Resources */ = {isa = PBXBuildFile; fileRef = 8B8819C61D8878100020D9CB /* Frank (6).png */; };
		8B881A6C1D8878100020D9CB /* Frank (7).png in Resources */ = {isa = PBXBuildFile; fileRef = 8B8819C71D8878100020D9CB /* Frank (7).png */; };
		8B881A6D1D8878100020D9CB /* Frank (8).png in Resources */ = {isa = PBXBuildFile; fileRef = 8B8819C81D8878100020D9CB /* Frank (8).png */; };
		8B881A6E1D8878100020D9CB /* Frank (9).png in Resources */ = {isa = PBXBuildFile; fileRef = 8B8819C91D8878100020D9CB /* Frank (9).png */; };
		8B881A6F1D8878100020D9CB /* Frank (10).png in Resources */ = {isa = PBXBuildFile; fileRef = 8B8819CA1D8878100020D9CB /* Frank (10).png */; };
		8B881A701D8878100020D9CB /* Frank (11).png in Resources */ = {isa = PBXBuildFile; fileRef = 8B8819CB1D8878100020D9CB /* Frank (11).png */; };
		8B881A711D8878100020D9CB /* Frank (12).png in Resources */ = {isa = PBXBuildFile; fileRef = 8B8819CC1D8878100020D9CB /* Frank (12).png */; };
		8B881A721D8878100020D9CB /* Frank (13).png in Resources */ = {isa = PBXBuildFile; fileRef = 8B8819CD1D8878100020D9CB /* Frank (13).png */; };
		8B881A731D8878100020D9CB /* Frank (14).png in Resources */ = {isa = PBXBuildFile; fileRef = 8B8819CE1D8878100020D9CB /* Frank (14).png */; };
		8B881A741D8878100020D9CB /* Frank (15).png in Resources */ = {isa = PBXBuildFile; fileRef = 8B8819CF1D8878100020D9CB /* Frank (15).png */; };
		8B881A751D8878100020D9CB /* Hillary (1).png in Resources */ = {isa = PBXBuildFile; fileRef = 8B8819D01D8878100020D9CB /* Hillary (1).png */; };
		8B881A761D8878100020D9CB /* Hillary (2).png in Resources */ = {isa = PBXBuildFile; fileRef = 8B8819D11D8878100020D9CB /* Hillary (2).png */; };
		8B881A771D8878100020D9CB /* Hillary (3).png in Resources */ = {isa = PBXBuildFile; fileRef = 8B8819D21D8878100020D9CB /* Hillary (3).png */; };
		8B881A781D8878100020D9CB /* Hillary (4).png in Resources */ = {isa = PBXBuildFile; fileRef = 8B8819D31D8878100020D9CB /* Hillary (4).png */; };
		8B881A791D8878100020D9CB /* Hillary (5).png in Resources */ = {isa = PBXBuildFile; fileRef = 8B8819D41D8878100020D9CB /* Hillary (5).png */; };
		8B881A7A1D8878100020D9CB /* Hillary (6).png in Resources */ = {isa = PBXBuildFile; fileRef = 8B8819D51D8878100020D9CB /* Hillary (6).png */; };
		8B881A7B1D8878100020D9CB /* Hillary (7).png in Resources */ = {isa = PBXBuildFile; fileRef = 8B8819D61D8878100020D9CB /* Hillary (7).png */; };
		8B881A7C1D8878100020D9CB /* Hillary (8).png in Resources */ = {isa = PBXBuildFile; fileRef = 8B8819D71D8878100020D9CB /* Hillary (8).png */; };
		8B881A7D1D8878100020D9CB /* Hillary (9).png in Resources */ = {isa = PBXBuildFile; fileRef = 8B8819D81D8878100020D9CB /* Hillary (9).png */; };
		8B881A7E1D8878100020D9CB /* Hillary (10).png in Resources */ = {isa = PBXBuildFile; fileRef = 8B8819D91D8878100020D9CB /* Hillary (10).png */; };
		8B881A7F1D8878100020D9CB /* Jayz (1).png in Resources */ = {isa = PBXBuildFile; fileRef = 8B8819DA1D8878100020D9CB /* Jayz (1).png */; };
		8B881A801D8878100020D9CB /* Jayz (2).png in Resources */ = {isa = PBXBuildFile; fileRef = 8B8819DB1D8878100020D9CB /* Jayz (2).png */; };
		8B881A811D8878100020D9CB /* Jayz (3).png in Resources */ = {isa = PBXBuildFile; fileRef = 8B8819DC1D8878100020D9CB /* Jayz (3).png */; };
		8B881A821D8878100020D9CB /* Jayz (4).png in Resources */ = {isa = PBXBuildFile; fileRef = 8B8819DD1D8878100020D9CB /* Jayz (4).png */; };
		8B881A831D8878100020D9CB /* Jayz (5).png in Resources */ = {isa = PBXBuildFile; fileRef = 8B8819DE1D8878100020D9CB /* Jayz (5).png */; };
		8B881A841D8878100020D9CB /* Jayz (6).png in Resources */ = {isa = PBXBuildFile; fileRef = 8B8819DF1D8878100020D9CB /* Jayz (6).png */; };
		8B881A851D8878100020D9CB /* Jayz (7).png in Resources */ = {isa = PBXBuildFile; fileRef = 8B8819E01D8878100020D9CB /* Jayz (7).png */; };
		8B881A861D8878100020D9CB /* Jayz (8).png in Resources */ = {isa = PBXBuildFile; fileRef = 8B8819E11D8878100020D9CB /* Jayz (8).png */; };
		8B881A871D8878100020D9CB /* Jayz (9).png in Resources */ = {isa = PBXBuildFile; fileRef = 8B8819E21D8878100020D9CB /* Jayz (9).png */; };
		8B881A881D8878100020D9CB /* Jayz (10).png in Resources */ = {isa = PBXBuildFile; fileRef = 8B8819E31D8878100020D9CB /* Jayz (10).png */; };
		8B881A891D8878100020D9CB /* Jerry (1).png in Resources */ = {isa = PBXBuildFile; fileRef = 8B8819E41D8878100020D9CB /* Jerry (1).png */; };
		8B881A8A1D8878100020D9CB /* Jerry (2).png in Resources */ = {isa = PBXBuildFile; fileRef = 8B8819E51D8878100020D9CB /* Jerry (2).png */; };
		8B881A8B1D8878100020D9CB /* Jerry (3).png in Resources */ = {isa = PBXBuildFile; fileRef = 8B8819E61D8878100020D9CB /* Jerry (3).png */; };
		8B881A8C1D8878100020D9CB /* Jerry (4).png in Resources */ = {isa = PBXBuildFile; fileRef = 8B8819E71D8878100020D9CB /* Jerry (4).png */; };
		8B881A8D1D8878100020D9CB /* Jerry (5).png in Resources */ = {isa = PBXBuildFile; fileRef = 8B8819E81D8878100020D9CB /* Jerry (5).png */; };
		8B881A8E1D8878100020D9CB /* Jerry (6).png in Resources */ = {isa = PBXBuildFile; fileRef = 8B8819E91D8878100020D9CB /* Jerry (6).png */; };
		8B881A8F1D8878100020D9CB /* Jerry (7).png in Resources */ = {isa = PBXBuildFile; fileRef = 8B8819EA1D8878100020D9CB /* Jerry (7).png */; };
		8B881A901D8878100020D9CB /* Jerry (8).png in Resources */ = {isa = PBXBuildFile; fileRef = 8B8819EB1D8878100020D9CB /* Jerry (8).png */; };
		8B881A911D8878100020D9CB /* Jerry (9).png in Resources */ = {isa = PBXBuildFile; fileRef = 8B8819EC1D8878100020D9CB /* Jerry (9).png */; };
		8B881A921D8878100020D9CB /* Jerry (10).png in Resources */ = {isa = PBXBuildFile; fileRef = 8B8819ED1D8878100020D9CB /* Jerry (10).png */; };
		8B881A931D8878100020D9CB /* Kanye (1).png in Resources */ = {isa = PBXBuildFile; fileRef = 8B8819EE1D8878100020D9CB /* Kanye (1).png */; };
		8B881A941D8878100020D9CB /* Kanye (2).png in Resources */ = {isa = PBXBuildFile; fileRef = 8B8819EF1D8878100020D9CB /* Kanye (2).png */; };
		8B881A951D8878100020D9CB /* Kanye (3).png in Resources */ = {isa = PBXBuildFile; fileRef = 8B8819F01D8878100020D9CB /* Kanye (3).png */; };
		8B881A961D8878100020D9CB /* Kanye (4).png in Resources */ = {isa = PBXBuildFile; fileRef = 8B8819F11D8878100020D9CB /* Kanye (4).png */; };
		8B881A971D8878100020D9CB /* Kanye (5).png in Resources */ = {isa = PBXBuildFile; fileRef = 8B8819F21D8878100020D9CB /* Kanye (5).png */; };
		8B881A981D8878100020D9CB /* Kanye (6).png in Resources */ = {isa = PBXBuildFile; fileRef = 8B8819F31D8878100020D9CB /* Kanye (6).png */; };
		8B881A991D8878100020D9CB /* Kanye (7).png in Resources */ = {isa = PBXBuildFile; fileRef = 8B8819F41D8878100020D9CB /* Kanye (7).png */; };
		8B881A9A1D8878100020D9CB /* Kanye (8).png in Resources */ = {isa = PBXBuildFile; fileRef = 8B8819F51D8878100020D9CB /* Kanye (8).png */; };
		8B881A9B1D8878100020D9CB /* Kanye (9).png in Resources */ = {isa = PBXBuildFile; fileRef = 8B8819F61D8878100020D9CB /* Kanye (9).png */; };
		8B881A9C1D8878100020D9CB /* Kanye (10).png in Resources */ = {isa = PBXBuildFile; fileRef = 8B8819F71D8878100020D9CB /* Kanye (10).png */; };
		8B881A9D1D8878100020D9CB /* Kanye (11).png in Resources */ = {isa = PBXBuildFile; fileRef = 8B8819F81D8878100020D9CB /* Kanye (11).png */; };
		8B881A9E1D8878100020D9CB /* Kanye (12).png in Resources */ = {isa = PBXBuildFile; fileRef = 8B8819F91D8878100020D9CB /* Kanye (12).png */; };
		8B881A9F1D8878100020D9CB /* Kanye (13).png in Resources */ = {isa = PBXBuildFile; fileRef = 8B8819FA1D8878100020D9CB /* Kanye (13).png */; };
		8B881AA01D8878100020D9CB /* Kanye (14).png in Resources */ = {isa = PBXBuildFile; fileRef = 8B8819FB1D8878100020D9CB /* Kanye (14).png */; };
		8B881AA11D8878100020D9CB /* Kanye (15).png in Resources */ = {isa = PBXBuildFile; fileRef = 8B8819FC1D8878100020D9CB /* Kanye (15).png */; };
		8B881AA21D8878100020D9CB /* Kim (1).png in Resources */ = {isa = PBXBuildFile; fileRef = 8B8819FD1D8878100020D9CB /* Kim (1).png */; };
		8B881AA31D8878100020D9CB /* Kim (2).png in Resources */ = {isa = PBXBuildFile; fileRef = 8B8819FE1D8878100020D9CB /* Kim (2).png */; };
		8B881AA41D8878100020D9CB /* Kim (3).png in Resources */ = {isa = PBXBuildFile; fileRef = 8B8819FF1D8878100020D9CB /* Kim (3).png */; };
		8B881AA51D8878100020D9CB /* Kim (4).png in Resources */ = {isa = PBXBuildFile; fileRef = 8B881A001D8878100020D9CB /* Kim (4).png */; };
		8B881AA61D8878100020D9CB /* Kim (5).png in Resources */ = {isa = PBXBuildFile; fileRef = 8B881A011D8878100020D9CB /* Kim (5).png */; };
		8B881AA71D8878100020D9CB /* Kim (6).png in Resources */ = {isa = PBXBuildFile; fileRef = 8B881A021D8878100020D9CB /* Kim (6).png */; };
		8B881AA81D8878100020D9CB /* Kim (7).png in Resources */ = {isa = PBXBuildFile; fileRef = 8B881A031D8878100020D9CB /* Kim (7).png */; };
		8B881AA91D8878100020D9CB /* Kim (8).png in Resources */ = {isa = PBXBuildFile; fileRef = 8B881A041D8878100020D9CB /* Kim (8).png */; };
		8B881AAA1D8878100020D9CB /* Kim (9).png in Resources */ = {isa = PBXBuildFile; fileRef = 8B881A051D8878100020D9CB /* Kim (9).png */; };
		8B881AAB1D8878100020D9CB /* Kim (10).png in Resources */ = {isa = PBXBuildFile; fileRef = 8B881A061D8878100020D9CB /* Kim (10).png */; };
		8B881AAC1D8878100020D9CB /* Kim (11).png in Resources */ = {isa = PBXBuildFile; fileRef = 8B881A071D8878100020D9CB /* Kim (11).png */; };
		8B881AAD1D8878100020D9CB /* Kim (12).png in Resources */ = {isa = PBXBuildFile; fileRef = 8B881A081D8878100020D9CB /* Kim (12).png */; };
		8B881AAE1D8878100020D9CB /* Kim (13).png in Resources */ = {isa = PBXBuildFile; fileRef = 8B881A091D8878100020D9CB /* Kim (13).png */; };
		8B881AAF1D8878100020D9CB /* Kim (14).png in Resources */ = {isa = PBXBuildFile; fileRef = 8B881A0A1D8878100020D9CB /* Kim (14).png */; };
		8B881AB01D8878100020D9CB /* Kim (15).png in Resources */ = {isa = PBXBuildFile; fileRef = 8B881A0B1D8878100020D9CB /* Kim (15).png */; };
		8B881AB11D8878100020D9CB /* Taylor (1).png in Resources */ = {isa = PBXBuildFile; fileRef = 8B881A0C1D8878100020D9CB /* Taylor (1).png */; };
		8B881AB21D8878100020D9CB /* Taylor (2).png in Resources */ = {isa = PBXBuildFile; fileRef = 8B881A0D1D8878100020D9CB /* Taylor (2).png */; };
		8B881AB31D8878100020D9CB /* Taylor (3).png in Resources */ = {isa = PBXBuildFile; fileRef = 8B881A0E1D8878100020D9CB /* Taylor (3).png */; };
		8B881AB41D8878100020D9CB /* Taylor (4).png in Resources */ = {isa = PBXBuildFile; fileRef = 8B881A0F1D8878100020D9CB /* Taylor (4).png */; };
		8B881AB51D8878100020D9CB /* Taylor (5).png in Resources */ = {isa = PBXBuildFile; fileRef = 8B881A101D8878100020D9CB /* Taylor (5).png */; };
		8B881AB61D8878100020D9CB /* Taylor (6).png in Resources */ = {isa = PBXBuildFile; fileRef = 8B881A111D8878100020D9CB /* Taylor (6).png */; };
		8B881AB71D8878100020D9CB /* Taylor (7).png in Resources */ = {isa = PBXBuildFile; fileRef = 8B881A121D8878100020D9CB /* Taylor (7).png */; };
		8B881AB81D8878100020D9CB /* Taylor (8).png in Resources */ = {isa = PBXBuildFile; fileRef = 8B881A131D8878100020D9CB /* Taylor (8).png */; };
		8B881AB91D8878100020D9CB /* Taylor (9).png in Resources */ = {isa = PBXBuildFile; fileRef = 8B881A141D8878100020D9CB /* Taylor (9).png */; };
		8B881ABA1D8878100020D9CB /* Taylor (10).png in Resources */ = {isa = PBXBuildFile; fileRef = 8B881A151D8878100020D9CB /* Taylor (10).png */; };
		8B881ABB1D8878100020D9CB /* Taylor (11).png in Resources */ = {isa = PBXBuildFile; fileRef = 8B881A161D8878100020D9CB /* Taylor (11).png */; };
		8B881ABC1D8878100020D9CB /* Taylor (12).png in Resources */ = {isa = PBXBuildFile; fileRef = 8B881A171D8878100020D9CB /* Taylor (12).png */; };
		8B881ABD1D8878100020D9CB /* Taylor (13).png in Resources */ = {isa = PBXBuildFile; fileRef = 8B881A181D8878100020D9CB /* Taylor (13).png */; };
		8B881ABE1D8878100020D9CB /* Taylor (14).png in Resources */ = {isa = PBXBuildFile; fileRef = 8B881A191D8878100020D9CB /* Taylor (14).png */; };
		8B881ABF1D8878100020D9CB /* Taylor (15).png in Resources */ = {isa = PBXBuildFile; fileRef = 8B881A1A1D8878100020D9CB /* Taylor (15).png */; };
		8B881AC01D8878100020D9CB /* Trump (1).png in Resources */ = {isa = PBXBuildFile; fileRef = 8B881A1B1D8878100020D9CB /* Trump (1).png */; };
		8B881AC11D8878100020D9CB /* Trump (2).png in Resources */ = {isa = PBXBuildFile; fileRef = 8B881A1C1D8878100020D9CB /* Trump (2).png */; };
		8B881AC21D8878100020D9CB /* Trump (3).png in Resources */ = {isa = PBXBuildFile; fileRef = 8B881A1D1D8878100020D9CB /* Trump (3).png */; };
		8B881AC31D8878100020D9CB /* Trump (4).png in Resources */ = {isa = PBXBuildFile; fileRef = 8B881A1E1D8878100020D9CB /* Trump (4).png */; };
		8B881AC41D8878100020D9CB /* Trump (5).png in Resources */ = {isa = PBXBuildFile; fileRef = 8B881A1F1D8878100020D9CB /* Trump (5).png */; };
		8B881AC51D8878100020D9CB /* Trump (6).png in Resources */ = {isa = PBXBuildFile; fileRef = 8B881A201D8878100020D9CB /* Trump (6).png */; };
		8B881AC61D8878100020D9CB /* Trump (7).png in Resources */ = {isa = PBXBuildFile; fileRef = 8B881A211D8878100020D9CB /* Trump (7).png */; };
		8B881AC71D8878100020D9CB /* Trump (8).png in Resources */ = {isa = PBXBuildFile; fileRef = 8B881A221D8878100020D9CB /* Trump (8).png */; };
		8B881AC81D8878100020D9CB /* Trump (9).png in Resources */ = {isa = PBXBuildFile; fileRef = 8B881A231D8878100020D9CB /* Trump (9).png */; };
		8B881AC91D8878100020D9CB /* Trump (10).png in Resources */ = {isa = PBXBuildFile; fileRef = 8B881A241D8878100020D9CB /* Trump (10).png */; };
		8B881AD71D88788E0020D9CB /* bernie.png in Resources */ = {isa = PBXBuildFile; fileRef = 8B881ACA1D88788E0020D9CB /* bernie.png */; };
		8B881AD81D88788E0020D9CB /* beyonce.png in Resources */ = {isa = PBXBuildFile; fileRef = 8B881ACB1D88788E0020D9CB /* beyonce.png */; };
		8B881AD91D88788E0020D9CB /* bieber.png in Resources */ = {isa = PBXBuildFile; fileRef = 8B881ACC1D88788E0020D9CB /* bieber.png */; };
		8B881ADA1D88788E0020D9CB /* chance.png in Resources */ = {isa = PBXBuildFile; fileRef = 8B881ACD1D88788E0020D9CB /* chance.png */; };
		8B881ADB1D88788E0020D9CB /* drake.png in Resources */ = {isa = PBXBuildFile; fileRef = 8B881ACE1D88788E0020D9CB /* drake.png */; };
		8B881ADC1D88788E0020D9CB /* frank.png in Resources */ = {isa = PBXBuildFile; fileRef = 8B881ACF1D88788E0020D9CB /* frank.png */; };
		8B881ADD1D88788E0020D9CB /* hillary.png in Resources */ = {isa = PBXBuildFile; fileRef = 8B881AD01D88788E0020D9CB /* hillary.png */; };
		8B881ADE1D88788E0020D9CB /* jayz.png in Resources */ = {isa = PBXBuildFile; fileRef = 8B881AD11D88788E0020D9CB /* jayz.png */; };
		8B881ADF1D88788E0020D9CB /* jerry.png in Resources */ = {isa = PBXBuildFile; fileRef = 8B881AD21D88788E0020D9CB /* jerry.png */; };
		8B881AE01D88788E0020D9CB /* kanyewest.png in Resources */ = {isa = PBXBuildFile; fileRef = 8B881AD31D88788E0020D9CB /* kanyewest.png */; };
		8B881AE11D88788E0020D9CB /* kim.png in Resources */ = {isa = PBXBuildFile; fileRef = 8B881AD41D88788E0020D9CB /* kim.png */; };
		8B881AE21D88788E0020D9CB /* taylor.png in Resources */ = {isa = PBXBuildFile; fileRef = 8B881AD51D88788E0020D9CB /* taylor.png */; };
		8B881AE31D88788E0020D9CB /* trump.png in Resources */ = {isa = PBXBuildFile; fileRef = 8B881AD61D88788E0020D9CB /* trump.png */; };
		8B90D0571D82388C00FF151F /* Assets.xcassets in Resources */ = {isa = PBXBuildFile; fileRef = 8B90D0561D82388C00FF151F /* Assets.xcassets */; };
		8B90D05E1D82388C00FF151F /* MessagesExtension.appex in Embed App Extensions */ = {isa = PBXBuildFile; fileRef = 8B90D05D1D82388C00FF151F /* MessagesExtension.appex */; settings = {ATTRIBUTES = (RemoveHeadersOnCopy, ); }; };
		8B90D0631D82388C00FF151F /* Messages.framework in Frameworks */ = {isa = PBXBuildFile; fileRef = 8B90D0621D82388C00FF151F /* Messages.framework */; };
		8B90D0661D82388C00FF151F /* MessagesViewController.swift in Sources */ = {isa = PBXBuildFile; fileRef = 8B90D0651D82388C00FF151F /* MessagesViewController.swift */; };
		8B90D0691D82388C00FF151F /* MainInterface.storyboard in Resources */ = {isa = PBXBuildFile; fileRef = 8B90D0671D82388C00FF151F /* MainInterface.storyboard */; };
		8B90D06B1D82388C00FF151F /* Assets.xcassets in Resources */ = {isa = PBXBuildFile; fileRef = 8B90D06A1D82388C00FF151F /* Assets.xcassets */; };
		8B90D0771D8239E700FF151F /* StickerBrowserViewController.swift in Sources */ = {isa = PBXBuildFile; fileRef = 8B90D0761D8239E700FF151F /* StickerBrowserViewController.swift */; };
		8B90D0A71D83235F00FF151F /* CollectionViewCell.swift in Sources */ = {isa = PBXBuildFile; fileRef = 8B90D0A61D83235F00FF151F /* CollectionViewCell.swift */; };
		8B90D0AD1D8356C600FF151F /* StoreKit.framework in Frameworks */ = {isa = PBXBuildFile; fileRef = 8B90D0AC1D8356C600FF151F /* StoreKit.framework */; };
/* End PBXBuildFile section */

/* Begin PBXContainerItemProxy section */
		8B90D05F1D82388C00FF151F /* PBXContainerItemProxy */ = {
			isa = PBXContainerItemProxy;
			containerPortal = 8B90D04D1D82388C00FF151F /* Project object */;
			proxyType = 1;
			remoteGlobalIDString = 8B90D05C1D82388C00FF151F;
			remoteInfo = MessagesExtension;
		};
/* End PBXContainerItemProxy section */

/* Begin PBXCopyFilesBuildPhase section */
		8B90D0721D82388C00FF151F /* Embed App Extensions */ = {
			isa = PBXCopyFilesBuildPhase;
			buildActionMask = 2147483647;
			dstPath = "";
			dstSubfolderSpec = 13;
			files = (
				8B90D05E1D82388C00FF151F /* MessagesExtension.appex in Embed App Extensions */,
			);
			name = "Embed App Extensions";
			runOnlyForDeploymentPostprocessing = 0;
		};
/* End PBXCopyFilesBuildPhase section */

/* Begin PBXFileReference section */
		8B8819801D88780F0020D9CB /* Bernie (1).png */ = {isa = PBXFileReference; lastKnownFileType = image.png; path = "Bernie (1).png"; sourceTree = "<group>"; };
		8B8819811D88780F0020D9CB /* Bernie (2).png */ = {isa = PBXFileReference; lastKnownFileType = image.png; path = "Bernie (2).png"; sourceTree = "<group>"; };
		8B8819821D88780F0020D9CB /* Bernie (3).png */ = {isa = PBXFileReference; lastKnownFileType = image.png; path = "Bernie (3).png"; sourceTree = "<group>"; };
		8B8819831D88780F0020D9CB /* Bernie (4).png */ = {isa = PBXFileReference; lastKnownFileType = image.png; path = "Bernie (4).png"; sourceTree = "<group>"; };
		8B8819841D88780F0020D9CB /* Bernie (5).png */ = {isa = PBXFileReference; lastKnownFileType = image.png; path = "Bernie (5).png"; sourceTree = "<group>"; };
		8B8819851D88780F0020D9CB /* Bernie (6).png */ = {isa = PBXFileReference; lastKnownFileType = image.png; path = "Bernie (6).png"; sourceTree = "<group>"; };
		8B8819861D88780F0020D9CB /* Bernie (7).png */ = {isa = PBXFileReference; lastKnownFileType = image.png; path = "Bernie (7).png"; sourceTree = "<group>"; };
		8B8819871D88780F0020D9CB /* Bernie (8).png */ = {isa = PBXFileReference; lastKnownFileType = image.png; path = "Bernie (8).png"; sourceTree = "<group>"; };
		8B8819881D88780F0020D9CB /* Bernie (9).png */ = {isa = PBXFileReference; lastKnownFileType = image.png; path = "Bernie (9).png"; sourceTree = "<group>"; };
		8B8819891D88780F0020D9CB /* Bernie (10).png */ = {isa = PBXFileReference; lastKnownFileType = image.png; path = "Bernie (10).png"; sourceTree = "<group>"; };
		8B88198A1D88780F0020D9CB /* Beyonce (1).png */ = {isa = PBXFileReference; lastKnownFileType = image.png; path = "Beyonce (1).png"; sourceTree = "<group>"; };
		8B88198B1D88780F0020D9CB /* Beyonce (2).png */ = {isa = PBXFileReference; lastKnownFileType = image.png; path = "Beyonce (2).png"; sourceTree = "<group>"; };
		8B88198C1D88780F0020D9CB /* Beyonce (3).png */ = {isa = PBXFileReference; lastKnownFileType = image.png; path = "Beyonce (3).png"; sourceTree = "<group>"; };
		8B88198D1D88780F0020D9CB /* Beyonce (4).png */ = {isa = PBXFileReference; lastKnownFileType = image.png; path = "Beyonce (4).png"; sourceTree = "<group>"; };
		8B88198E1D88780F0020D9CB /* Beyonce (5).png */ = {isa = PBXFileReference; lastKnownFileType = image.png; path = "Beyonce (5).png"; sourceTree = "<group>"; };
		8B88198F1D88780F0020D9CB /* Beyonce (6).png */ = {isa = PBXFileReference; lastKnownFileType = image.png; path = "Beyonce (6).png"; sourceTree = "<group>"; };
		8B8819901D88780F0020D9CB /* Beyonce (7).png */ = {isa = PBXFileReference; lastKnownFileType = image.png; path = "Beyonce (7).png"; sourceTree = "<group>"; };
		8B8819911D88780F0020D9CB /* Beyonce (8).png */ = {isa = PBXFileReference; lastKnownFileType = image.png; path = "Beyonce (8).png"; sourceTree = "<group>"; };
		8B8819921D88780F0020D9CB /* Beyonce (9).png */ = {isa = PBXFileReference; lastKnownFileType = image.png; path = "Beyonce (9).png"; sourceTree = "<group>"; };
		8B8819931D88780F0020D9CB /* Beyonce (10).png */ = {isa = PBXFileReference; lastKnownFileType = image.png; path = "Beyonce (10).png"; sourceTree = "<group>"; };
		8B8819941D88780F0020D9CB /* Beyonce (11).png */ = {isa = PBXFileReference; lastKnownFileType = image.png; path = "Beyonce (11).png"; sourceTree = "<group>"; };
		8B8819951D88780F0020D9CB /* Beyonce (12).png */ = {isa = PBXFileReference; lastKnownFileType = image.png; path = "Beyonce (12).png"; sourceTree = "<group>"; };
		8B8819961D88780F0020D9CB /* Beyonce (13).png */ = {isa = PBXFileReference; lastKnownFileType = image.png; path = "Beyonce (13).png"; sourceTree = "<group>"; };
		8B8819971D88780F0020D9CB /* Beyonce (14).png */ = {isa = PBXFileReference; lastKnownFileType = image.png; path = "Beyonce (14).png"; sourceTree = "<group>"; };
		8B8819981D88780F0020D9CB /* Beyonce (15).png */ = {isa = PBXFileReference; lastKnownFileType = image.png; path = "Beyonce (15).png"; sourceTree = "<group>"; };
		8B8819991D88780F0020D9CB /* Bieber (1).png */ = {isa = PBXFileReference; lastKnownFileType = image.png; path = "Bieber (1).png"; sourceTree = "<group>"; };
		8B88199A1D88780F0020D9CB /* Bieber (2).png */ = {isa = PBXFileReference; lastKnownFileType = image.png; path = "Bieber (2).png"; sourceTree = "<group>"; };
		8B88199B1D88780F0020D9CB /* Bieber (3).png */ = {isa = PBXFileReference; lastKnownFileType = image.png; path = "Bieber (3).png"; sourceTree = "<group>"; };
		8B88199C1D88780F0020D9CB /* Bieber (4).png */ = {isa = PBXFileReference; lastKnownFileType = image.png; path = "Bieber (4).png"; sourceTree = "<group>"; };
		8B88199D1D88780F0020D9CB /* Bieber (5).png */ = {isa = PBXFileReference; lastKnownFileType = image.png; path = "Bieber (5).png"; sourceTree = "<group>"; };
		8B88199E1D88780F0020D9CB /* Bieber (6).png */ = {isa = PBXFileReference; lastKnownFileType = image.png; path = "Bieber (6).png"; sourceTree = "<group>"; };
		8B88199F1D88780F0020D9CB /* Bieber (7).png */ = {isa = PBXFileReference; lastKnownFileType = image.png; path = "Bieber (7).png"; sourceTree = "<group>"; };
		8B8819A01D88780F0020D9CB /* Bieber (8).png */ = {isa = PBXFileReference; lastKnownFileType = image.png; path = "Bieber (8).png"; sourceTree = "<group>"; };
		8B8819A11D88780F0020D9CB /* Bieber (9).png */ = {isa = PBXFileReference; lastKnownFileType = image.png; path = "Bieber (9).png"; sourceTree = "<group>"; };
		8B8819A21D88780F0020D9CB /* Bieber (10).png */ = {isa = PBXFileReference; lastKnownFileType = image.png; path = "Bieber (10).png"; sourceTree = "<group>"; };
		8B8819A31D88780F0020D9CB /* Bieber (11).png */ = {isa = PBXFileReference; lastKnownFileType = image.png; path = "Bieber (11).png"; sourceTree = "<group>"; };
		8B8819A41D88780F0020D9CB /* Bieber (12).png */ = {isa = PBXFileReference; lastKnownFileType = image.png; path = "Bieber (12).png"; sourceTree = "<group>"; };
		8B8819A51D88780F0020D9CB /* Bieber (13).png */ = {isa = PBXFileReference; lastKnownFileType = image.png; path = "Bieber (13).png"; sourceTree = "<group>"; };
		8B8819A61D88780F0020D9CB /* Bieber (14).png */ = {isa = PBXFileReference; lastKnownFileType = image.png; path = "Bieber (14).png"; sourceTree = "<group>"; };
		8B8819A71D88780F0020D9CB /* Bieber (15).png */ = {isa = PBXFileReference; lastKnownFileType = image.png; path = "Bieber (15).png"; sourceTree = "<group>"; };
		8B8819A81D88780F0020D9CB /* Chance (1).png */ = {isa = PBXFileReference; lastKnownFileType = image.png; path = "Chance (1).png"; sourceTree = "<group>"; };
		8B8819A91D88780F0020D9CB /* Chance (2).png */ = {isa = PBXFileReference; lastKnownFileType = image.png; path = "Chance (2).png"; sourceTree = "<group>"; };
		8B8819AA1D88780F0020D9CB /* Chance (3).png */ = {isa = PBXFileReference; lastKnownFileType = image.png; path = "Chance (3).png"; sourceTree = "<group>"; };
		8B8819AB1D88780F0020D9CB /* Chance (4).png */ = {isa = PBXFileReference; lastKnownFileType = image.png; path = "Chance (4).png"; sourceTree = "<group>"; };
		8B8819AC1D88780F0020D9CB /* Chance (5).png */ = {isa = PBXFileReference; lastKnownFileType = image.png; path = "Chance (5).png"; sourceTree = "<group>"; };
		8B8819AD1D88780F0020D9CB /* Chance (6).png */ = {isa = PBXFileReference; lastKnownFileType = image.png; path = "Chance (6).png"; sourceTree = "<group>"; };
		8B8819AE1D88780F0020D9CB /* Chance (7).png */ = {isa = PBXFileReference; lastKnownFileType = image.png; path = "Chance (7).png"; sourceTree = "<group>"; };
		8B8819AF1D88780F0020D9CB /* Chance (8).png */ = {isa = PBXFileReference; lastKnownFileType = image.png; path = "Chance (8).png"; sourceTree = "<group>"; };
		8B8819B01D88780F0020D9CB /* Chance (9).png */ = {isa = PBXFileReference; lastKnownFileType = image.png; path = "Chance (9).png"; sourceTree = "<group>"; };
		8B8819B11D88780F0020D9CB /* Chance (10).png */ = {isa = PBXFileReference; lastKnownFileType = image.png; path = "Chance (10).png"; sourceTree = "<group>"; };
		8B8819B21D88780F0020D9CB /* Chance (11).png */ = {isa = PBXFileReference; lastKnownFileType = image.png; path = "Chance (11).png"; sourceTree = "<group>"; };
		8B8819B31D88780F0020D9CB /* Chance (12).png */ = {isa = PBXFileReference; lastKnownFileType = image.png; path = "Chance (12).png"; sourceTree = "<group>"; };
		8B8819B41D88780F0020D9CB /* Chance (13).png */ = {isa = PBXFileReference; lastKnownFileType = image.png; path = "Chance (13).png"; sourceTree = "<group>"; };
		8B8819B51D88780F0020D9CB /* Chance (14).png */ = {isa = PBXFileReference; lastKnownFileType = image.png; path = "Chance (14).png"; sourceTree = "<group>"; };
		8B8819B61D88780F0020D9CB /* Chance (15).png */ = {isa = PBXFileReference; lastKnownFileType = image.png; path = "Chance (15).png"; sourceTree = "<group>"; };
		8B8819B71D8878100020D9CB /* Drake (1).png */ = {isa = PBXFileReference; lastKnownFileType = image.png; path = "Drake (1).png"; sourceTree = "<group>"; };
		8B8819B81D8878100020D9CB /* Drake (2).png */ = {isa = PBXFileReference; lastKnownFileType = image.png; path = "Drake (2).png"; sourceTree = "<group>"; };
		8B8819B91D8878100020D9CB /* Drake (3).png */ = {isa = PBXFileReference; lastKnownFileType = image.png; path = "Drake (3).png"; sourceTree = "<group>"; };
		8B8819BA1D8878100020D9CB /* Drake (4).png */ = {isa = PBXFileReference; lastKnownFileType = image.png; path = "Drake (4).png"; sourceTree = "<group>"; };
		8B8819BB1D8878100020D9CB /* Drake (5).png */ = {isa = PBXFileReference; lastKnownFileType = image.png; path = "Drake (5).png"; sourceTree = "<group>"; };
		8B8819BC1D8878100020D9CB /* Drake (6).png */ = {isa = PBXFileReference; lastKnownFileType = image.png; path = "Drake (6).png"; sourceTree = "<group>"; };
		8B8819BD1D8878100020D9CB /* Drake (7).png */ = {isa = PBXFileReference; lastKnownFileType = image.png; path = "Drake (7).png"; sourceTree = "<group>"; };
		8B8819BE1D8878100020D9CB /* Drake (8).png */ = {isa = PBXFileReference; lastKnownFileType = image.png; path = "Drake (8).png"; sourceTree = "<group>"; };
		8B8819BF1D8878100020D9CB /* Drake (9).png */ = {isa = PBXFileReference; lastKnownFileType = image.png; path = "Drake (9).png"; sourceTree = "<group>"; };
		8B8819C01D8878100020D9CB /* Drake (10).png */ = {isa = PBXFileReference; lastKnownFileType = image.png; path = "Drake (10).png"; sourceTree = "<group>"; };
		8B8819C11D8878100020D9CB /* Frank (1).png */ = {isa = PBXFileReference; lastKnownFileType = image.png; path = "Frank (1).png"; sourceTree = "<group>"; };
		8B8819C21D8878100020D9CB /* Frank (2).png */ = {isa = PBXFileReference; lastKnownFileType = image.png; path = "Frank (2).png"; sourceTree = "<group>"; };
		8B8819C31D8878100020D9CB /* Frank (3).png */ = {isa = PBXFileReference; lastKnownFileType = image.png; path = "Frank (3).png"; sourceTree = "<group>"; };
		8B8819C41D8878100020D9CB /* Frank (4).png */ = {isa = PBXFileReference; lastKnownFileType = image.png; path = "Frank (4).png"; sourceTree = "<group>"; };
		8B8819C51D8878100020D9CB /* Frank (5).png */ = {isa = PBXFileReference; lastKnownFileType = image.png; path = "Frank (5).png"; sourceTree = "<group>"; };
		8B8819C61D8878100020D9CB /* Frank (6).png */ = {isa = PBXFileReference; lastKnownFileType = image.png; path = "Frank (6).png"; sourceTree = "<group>"; };
		8B8819C71D8878100020D9CB /* Frank (7).png */ = {isa = PBXFileReference; lastKnownFileType = image.png; path = "Frank (7).png"; sourceTree = "<group>"; };
		8B8819C81D8878100020D9CB /* Frank (8).png */ = {isa = PBXFileReference; lastKnownFileType = image.png; path = "Frank (8).png"; sourceTree = "<group>"; };
		8B8819C91D8878100020D9CB /* Frank (9).png */ = {isa = PBXFileReference; lastKnownFileType = image.png; path = "Frank (9).png"; sourceTree = "<group>"; };
		8B8819CA1D8878100020D9CB /* Frank (10).png */ = {isa = PBXFileReference; lastKnownFileType = image.png; path = "Frank (10).png"; sourceTree = "<group>"; };
		8B8819CB1D8878100020D9CB /* Frank (11).png */ = {isa = PBXFileReference; lastKnownFileType = image.png; path = "Frank (11).png"; sourceTree = "<group>"; };
		8B8819CC1D8878100020D9CB /* Frank (12).png */ = {isa = PBXFileReference; lastKnownFileType = image.png; path = "Frank (12).png"; sourceTree = "<group>"; };
		8B8819CD1D8878100020D9CB /* Frank (13).png */ = {isa = PBXFileReference; lastKnownFileType = image.png; path = "Frank (13).png"; sourceTree = "<group>"; };
		8B8819CE1D8878100020D9CB /* Frank (14).png */ = {isa = PBXFileReference; lastKnownFileType = image.png; path = "Frank (14).png"; sourceTree = "<group>"; };
		8B8819CF1D8878100020D9CB /* Frank (15).png */ = {isa = PBXFileReference; lastKnownFileType = image.png; path = "Frank (15).png"; sourceTree = "<group>"; };
		8B8819D01D8878100020D9CB /* Hillary (1).png */ = {isa = PBXFileReference; lastKnownFileType = image.png; path = "Hillary (1).png"; sourceTree = "<group>"; };
		8B8819D11D8878100020D9CB /* Hillary (2).png */ = {isa = PBXFileReference; lastKnownFileType = image.png; path = "Hillary (2).png"; sourceTree = "<group>"; };
		8B8819D21D8878100020D9CB /* Hillary (3).png */ = {isa = PBXFileReference; lastKnownFileType = image.png; path = "Hillary (3).png"; sourceTree = "<group>"; };
		8B8819D31D8878100020D9CB /* Hillary (4).png */ = {isa = PBXFileReference; lastKnownFileType = image.png; path = "Hillary (4).png"; sourceTree = "<group>"; };
		8B8819D41D8878100020D9CB /* Hillary (5).png */ = {isa = PBXFileReference; lastKnownFileType = image.png; path = "Hillary (5).png"; sourceTree = "<group>"; };
		8B8819D51D8878100020D9CB /* Hillary (6).png */ = {isa = PBXFileReference; lastKnownFileType = image.png; path = "Hillary (6).png"; sourceTree = "<group>"; };
		8B8819D61D8878100020D9CB /* Hillary (7).png */ = {isa = PBXFileReference; lastKnownFileType = image.png; path = "Hillary (7).png"; sourceTree = "<group>"; };
		8B8819D71D8878100020D9CB /* Hillary (8).png */ = {isa = PBXFileReference; lastKnownFileType = image.png; path = "Hillary (8).png"; sourceTree = "<group>"; };
		8B8819D81D8878100020D9CB /* Hillary (9).png */ = {isa = PBXFileReference; lastKnownFileType = image.png; path = "Hillary (9).png"; sourceTree = "<group>"; };
		8B8819D91D8878100020D9CB /* Hillary (10).png */ = {isa = PBXFileReference; lastKnownFileType = image.png; path = "Hillary (10).png"; sourceTree = "<group>"; };
		8B8819DA1D8878100020D9CB /* Jayz (1).png */ = {isa = PBXFileReference; lastKnownFileType = image.png; path = "Jayz (1).png"; sourceTree = "<group>"; };
		8B8819DB1D8878100020D9CB /* Jayz (2).png */ = {isa = PBXFileReference; lastKnownFileType = image.png; path = "Jayz (2).png"; sourceTree = "<group>"; };
		8B8819DC1D8878100020D9CB /* Jayz (3).png */ = {isa = PBXFileReference; lastKnownFileType = image.png; path = "Jayz (3).png"; sourceTree = "<group>"; };
		8B8819DD1D8878100020D9CB /* Jayz (4).png */ = {isa = PBXFileReference; lastKnownFileType = image.png; path = "Jayz (4).png"; sourceTree = "<group>"; };
		8B8819DE1D8878100020D9CB /* Jayz (5).png */ = {isa = PBXFileReference; lastKnownFileType = image.png; path = "Jayz (5).png"; sourceTree = "<group>"; };
		8B8819DF1D8878100020D9CB /* Jayz (6).png */ = {isa = PBXFileReference; lastKnownFileType = image.png; path = "Jayz (6).png"; sourceTree = "<group>"; };
		8B8819E01D8878100020D9CB /* Jayz (7).png */ = {isa = PBXFileReference; lastKnownFileType = image.png; path = "Jayz (7).png"; sourceTree = "<group>"; };
		8B8819E11D8878100020D9CB /* Jayz (8).png */ = {isa = PBXFileReference; lastKnownFileType = image.png; path = "Jayz (8).png"; sourceTree = "<group>"; };
		8B8819E21D8878100020D9CB /* Jayz (9).png */ = {isa = PBXFileReference; lastKnownFileType = image.png; path = "Jayz (9).png"; sourceTree = "<group>"; };
		8B8819E31D8878100020D9CB /* Jayz (10).png */ = {isa = PBXFileReference; lastKnownFileType = image.png; path = "Jayz (10).png"; sourceTree = "<group>"; };
		8B8819E41D8878100020D9CB /* Jerry (1).png */ = {isa = PBXFileReference; lastKnownFileType = image.png; path = "Jerry (1).png"; sourceTree = "<group>"; };
		8B8819E51D8878100020D9CB /* Jerry (2).png */ = {isa = PBXFileReference; lastKnownFileType = image.png; path = "Jerry (2).png"; sourceTree = "<group>"; };
		8B8819E61D8878100020D9CB /* Jerry (3).png */ = {isa = PBXFileReference; lastKnownFileType = image.png; path = "Jerry (3).png"; sourceTree = "<group>"; };
		8B8819E71D8878100020D9CB /* Jerry (4).png */ = {isa = PBXFileReference; lastKnownFileType = image.png; path = "Jerry (4).png"; sourceTree = "<group>"; };
		8B8819E81D8878100020D9CB /* Jerry (5).png */ = {isa = PBXFileReference; lastKnownFileType = image.png; path = "Jerry (5).png"; sourceTree = "<group>"; };
		8B8819E91D8878100020D9CB /* Jerry (6).png */ = {isa = PBXFileReference; lastKnownFileType = image.png; path = "Jerry (6).png"; sourceTree = "<group>"; };
		8B8819EA1D8878100020D9CB /* Jerry (7).png */ = {isa = PBXFileReference; lastKnownFileType = image.png; path = "Jerry (7).png"; sourceTree = "<group>"; };
		8B8819EB1D8878100020D9CB /* Jerry (8).png */ = {isa = PBXFileReference; lastKnownFileType = image.png; path = "Jerry (8).png"; sourceTree = "<group>"; };
		8B8819EC1D8878100020D9CB /* Jerry (9).png */ = {isa = PBXFileReference; lastKnownFileType = image.png; path = "Jerry (9).png"; sourceTree = "<group>"; };
		8B8819ED1D8878100020D9CB /* Jerry (10).png */ = {isa = PBXFileReference; lastKnownFileType = image.png; path = "Jerry (10).png"; sourceTree = "<group>"; };
		8B8819EE1D8878100020D9CB /* Kanye (1).png */ = {isa = PBXFileReference; lastKnownFileType = image.png; path = "Kanye (1).png"; sourceTree = "<group>"; };
		8B8819EF1D8878100020D9CB /* Kanye (2).png */ = {isa = PBXFileReference; lastKnownFileType = image.png; path = "Kanye (2).png"; sourceTree = "<group>"; };
		8B8819F01D8878100020D9CB /* Kanye (3).png */ = {isa = PBXFileReference; lastKnownFileType = image.png; path = "Kanye (3).png"; sourceTree = "<group>"; };
		8B8819F11D8878100020D9CB /* Kanye (4).png */ = {isa = PBXFileReference; lastKnownFileType = image.png; path = "Kanye (4).png"; sourceTree = "<group>"; };
		8B8819F21D8878100020D9CB /* Kanye (5).png */ = {isa = PBXFileReference; lastKnownFileType = image.png; path = "Kanye (5).png"; sourceTree = "<group>"; };
		8B8819F31D8878100020D9CB /* Kanye (6).png */ = {isa = PBXFileReference; lastKnownFileType = image.png; path = "Kanye (6).png"; sourceTree = "<group>"; };
		8B8819F41D8878100020D9CB /* Kanye (7).png */ = {isa = PBXFileReference; lastKnownFileType = image.png; path = "Kanye (7).png"; sourceTree = "<group>"; };
		8B8819F51D8878100020D9CB /* Kanye (8).png */ = {isa = PBXFileReference; lastKnownFileType = image.png; path = "Kanye (8).png"; sourceTree = "<group>"; };
		8B8819F61D8878100020D9CB /* Kanye (9).png */ = {isa = PBXFileReference; lastKnownFileType = image.png; path = "Kanye (9).png"; sourceTree = "<group>"; };
		8B8819F71D8878100020D9CB /* Kanye (10).png */ = {isa = PBXFileReference; lastKnownFileType = image.png; path = "Kanye (10).png"; sourceTree = "<group>"; };
		8B8819F81D8878100020D9CB /* Kanye (11).png */ = {isa = PBXFileReference; lastKnownFileType = image.png; path = "Kanye (11).png"; sourceTree = "<group>"; };
		8B8819F91D8878100020D9CB /* Kanye (12).png */ = {isa = PBXFileReference; lastKnownFileType = image.png; path = "Kanye (12).png"; sourceTree = "<group>"; };
		8B8819FA1D8878100020D9CB /* Kanye (13).png */ = {isa = PBXFileReference; lastKnownFileType = image.png; path = "Kanye (13).png"; sourceTree = "<group>"; };
		8B8819FB1D8878100020D9CB /* Kanye (14).png */ = {isa = PBXFileReference; lastKnownFileType = image.png; path = "Kanye (14).png"; sourceTree = "<group>"; };
		8B8819FC1D8878100020D9CB /* Kanye (15).png */ = {isa = PBXFileReference; lastKnownFileType = image.png; path = "Kanye (15).png"; sourceTree = "<group>"; };
		8B8819FD1D8878100020D9CB /* Kim (1).png */ = {isa = PBXFileReference; lastKnownFileType = image.png; path = "Kim (1).png"; sourceTree = "<group>"; };
		8B8819FE1D8878100020D9CB /* Kim (2).png */ = {isa = PBXFileReference; lastKnownFileType = image.png; path = "Kim (2).png"; sourceTree = "<group>"; };
		8B8819FF1D8878100020D9CB /* Kim (3).png */ = {isa = PBXFileReference; lastKnownFileType = image.png; path = "Kim (3).png"; sourceTree = "<group>"; };
		8B881A001D8878100020D9CB /* Kim (4).png */ = {isa = PBXFileReference; lastKnownFileType = image.png; path = "Kim (4).png"; sourceTree = "<group>"; };
		8B881A011D8878100020D9CB /* Kim (5).png */ = {isa = PBXFileReference; lastKnownFileType = image.png; path = "Kim (5).png"; sourceTree = "<group>"; };
		8B881A021D8878100020D9CB /* Kim (6).png */ = {isa = PBXFileReference; lastKnownFileType = image.png; path = "Kim (6).png"; sourceTree = "<group>"; };
		8B881A031D8878100020D9CB /* Kim (7).png */ = {isa = PBXFileReference; lastKnownFileType = image.png; path = "Kim (7).png"; sourceTree = "<group>"; };
		8B881A041D8878100020D9CB /* Kim (8).png */ = {isa = PBXFileReference; lastKnownFileType = image.png; path = "Kim (8).png"; sourceTree = "<group>"; };
		8B881A051D8878100020D9CB /* Kim (9).png */ = {isa = PBXFileReference; lastKnownFileType = image.png; path = "Kim (9).png"; sourceTree = "<group>"; };
		8B881A061D8878100020D9CB /* Kim (10).png */ = {isa = PBXFileReference; lastKnownFileType = image.png; path = "Kim (10).png"; sourceTree = "<group>"; };
		8B881A071D8878100020D9CB /* Kim (11).png */ = {isa = PBXFileReference; lastKnownFileType = image.png; path = "Kim (11).png"; sourceTree = "<group>"; };
		8B881A081D8878100020D9CB /* Kim (12).png */ = {isa = PBXFileReference; lastKnownFileType = image.png; path = "Kim (12).png"; sourceTree = "<group>"; };
		8B881A091D8878100020D9CB /* Kim (13).png */ = {isa = PBXFileReference; lastKnownFileType = image.png; path = "Kim (13).png"; sourceTree = "<group>"; };
		8B881A0A1D8878100020D9CB /* Kim (14).png */ = {isa = PBXFileReference; lastKnownFileType = image.png; path = "Kim (14).png"; sourceTree = "<group>"; };
		8B881A0B1D8878100020D9CB /* Kim (15).png */ = {isa = PBXFileReference; lastKnownFileType = image.png; path = "Kim (15).png"; sourceTree = "<group>"; };
		8B881A0C1D8878100020D9CB /* Taylor (1).png */ = {isa = PBXFileReference; lastKnownFileType = image.png; path = "Taylor (1).png"; sourceTree = "<group>"; };
		8B881A0D1D8878100020D9CB /* Taylor (2).png */ = {isa = PBXFileReference; lastKnownFileType = image.png; path = "Taylor (2).png"; sourceTree = "<group>"; };
		8B881A0E1D8878100020D9CB /* Taylor (3).png */ = {isa = PBXFileReference; lastKnownFileType = image.png; path = "Taylor (3).png"; sourceTree = "<group>"; };
		8B881A0F1D8878100020D9CB /* Taylor (4).png */ = {isa = PBXFileReference; lastKnownFileType = image.png; path = "Taylor (4).png"; sourceTree = "<group>"; };
		8B881A101D8878100020D9CB /* Taylor (5).png */ = {isa = PBXFileReference; lastKnownFileType = image.png; path = "Taylor (5).png"; sourceTree = "<group>"; };
		8B881A111D8878100020D9CB /* Taylor (6).png */ = {isa = PBXFileReference; lastKnownFileType = image.png; path = "Taylor (6).png"; sourceTree = "<group>"; };
		8B881A121D8878100020D9CB /* Taylor (7).png */ = {isa = PBXFileReference; lastKnownFileType = image.png; path = "Taylor (7).png"; sourceTree = "<group>"; };
		8B881A131D8878100020D9CB /* Taylor (8).png */ = {isa = PBXFileReference; lastKnownFileType = image.png; path = "Taylor (8).png"; sourceTree = "<group>"; };
		8B881A141D8878100020D9CB /* Taylor (9).png */ = {isa = PBXFileReference; lastKnownFileType = image.png; path = "Taylor (9).png"; sourceTree = "<group>"; };
		8B881A151D8878100020D9CB /* Taylor (10).png */ = {isa = PBXFileReference; lastKnownFileType = image.png; path = "Taylor (10).png"; sourceTree = "<group>"; };
		8B881A161D8878100020D9CB /* Taylor (11).png */ = {isa = PBXFileReference; lastKnownFileType = image.png; path = "Taylor (11).png"; sourceTree = "<group>"; };
		8B881A171D8878100020D9CB /* Taylor (12).png */ = {isa = PBXFileReference; lastKnownFileType = image.png; path = "Taylor (12).png"; sourceTree = "<group>"; };
		8B881A181D8878100020D9CB /* Taylor (13).png */ = {isa = PBXFileReference; lastKnownFileType = image.png; path = "Taylor (13).png"; sourceTree = "<group>"; };
		8B881A191D8878100020D9CB /* Taylor (14).png */ = {isa = PBXFileReference; lastKnownFileType = image.png; path = "Taylor (14).png"; sourceTree = "<group>"; };
		8B881A1A1D8878100020D9CB /* Taylor (15).png */ = {isa = PBXFileReference; lastKnownFileType = image.png; path = "Taylor (15).png"; sourceTree = "<group>"; };
		8B881A1B1D8878100020D9CB /* Trump (1).png */ = {isa = PBXFileReference; lastKnownFileType = image.png; path = "Trump (1).png"; sourceTree = "<group>"; };
		8B881A1C1D8878100020D9CB /* Trump (2).png */ = {isa = PBXFileReference; lastKnownFileType = image.png; path = "Trump (2).png"; sourceTree = "<group>"; };
		8B881A1D1D8878100020D9CB /* Trump (3).png */ = {isa = PBXFileReference; lastKnownFileType = image.png; path = "Trump (3).png"; sourceTree = "<group>"; };
		8B881A1E1D8878100020D9CB /* Trump (4).png */ = {isa = PBXFileReference; lastKnownFileType = image.png; path = "Trump (4).png"; sourceTree = "<group>"; };
		8B881A1F1D8878100020D9CB /* Trump (5).png */ = {isa = PBXFileReference; lastKnownFileType = image.png; path = "Trump (5).png"; sourceTree = "<group>"; };
		8B881A201D8878100020D9CB /* Trump (6).png */ = {isa = PBXFileReference; lastKnownFileType = image.png; path = "Trump (6).png"; sourceTree = "<group>"; };
		8B881A211D8878100020D9CB /* Trump (7).png */ = {isa = PBXFileReference; lastKnownFileType = image.png; path = "Trump (7).png"; sourceTree = "<group>"; };
		8B881A221D8878100020D9CB /* Trump (8).png */ = {isa = PBXFileReference; lastKnownFileType = image.png; path = "Trump (8).png"; sourceTree = "<group>"; };
		8B881A231D8878100020D9CB /* Trump (9).png */ = {isa = PBXFileReference; lastKnownFileType = image.png; path = "Trump (9).png"; sourceTree = "<group>"; };
		8B881A241D8878100020D9CB /* Trump (10).png */ = {isa = PBXFileReference; lastKnownFileType = image.png; path = "Trump (10).png"; sourceTree = "<group>"; };
		8B881ACA1D88788E0020D9CB /* bernie.png */ = {isa = PBXFileReference; lastKnownFileType = image.png; path = bernie.png; sourceTree = "<group>"; };
		8B881ACB1D88788E0020D9CB /* beyonce.png */ = {isa = PBXFileReference; lastKnownFileType = image.png; path = beyonce.png; sourceTree = "<group>"; };
		8B881ACC1D88788E0020D9CB /* bieber.png */ = {isa = PBXFileReference; lastKnownFileType = image.png; path = bieber.png; sourceTree = "<group>"; };
		8B881ACD1D88788E0020D9CB /* chance.png */ = {isa = PBXFileReference; lastKnownFileType = image.png; path = chance.png; sourceTree = "<group>"; };
		8B881ACE1D88788E0020D9CB /* drake.png */ = {isa = PBXFileReference; lastKnownFileType = image.png; path = drake.png; sourceTree = "<group>"; };
		8B881ACF1D88788E0020D9CB /* frank.png */ = {isa = PBXFileReference; lastKnownFileType = image.png; path = frank.png; sourceTree = "<group>"; };
		8B881AD01D88788E0020D9CB /* hillary.png */ = {isa = PBXFileReference; lastKnownFileType = image.png; path = hillary.png; sourceTree = "<group>"; };
		8B881AD11D88788E0020D9CB /* jayz.png */ = {isa = PBXFileReference; lastKnownFileType = image.png; path = jayz.png; sourceTree = "<group>"; };
		8B881AD21D88788E0020D9CB /* jerry.png */ = {isa = PBXFileReference; lastKnownFileType = image.png; path = jerry.png; sourceTree = "<group>"; };
		8B881AD31D88788E0020D9CB /* kanyewest.png */ = {isa = PBXFileReference; lastKnownFileType = image.png; path = kanyewest.png; sourceTree = "<group>"; };
		8B881AD41D88788E0020D9CB /* kim.png */ = {isa = PBXFileReference; lastKnownFileType = image.png; path = kim.png; sourceTree = "<group>"; };
		8B881AD51D88788E0020D9CB /* taylor.png */ = {isa = PBXFileReference; lastKnownFileType = image.png; path = taylor.png; sourceTree = "<group>"; };
		8B881AD61D88788E0020D9CB /* trump.png */ = {isa = PBXFileReference; lastKnownFileType = image.png; path = trump.png; sourceTree = "<group>"; };
		8B90D0531D82388C00FF151F /* celebmoji.app */ = {isa = PBXFileReference; explicitFileType = wrapper.application; includeInIndex = 0; path = celebmoji.app; sourceTree = BUILT_PRODUCTS_DIR; };
		8B90D0561D82388C00FF151F /* Assets.xcassets */ = {isa = PBXFileReference; lastKnownFileType = folder.assetcatalog; path = Assets.xcassets; sourceTree = "<group>"; };
		8B90D0581D82388C00FF151F /* Info.plist */ = {isa = PBXFileReference; lastKnownFileType = text.plist.xml; path = Info.plist; sourceTree = "<group>"; };
		8B90D05D1D82388C00FF151F /* MessagesExtension.appex */ = {isa = PBXFileReference; explicitFileType = "wrapper.app-extension"; includeInIndex = 0; path = MessagesExtension.appex; sourceTree = BUILT_PRODUCTS_DIR; };
		8B90D0621D82388C00FF151F /* Messages.framework */ = {isa = PBXFileReference; lastKnownFileType = wrapper.framework; name = Messages.framework; path = System/Library/Frameworks/Messages.framework; sourceTree = SDKROOT; };
		8B90D0651D82388C00FF151F /* MessagesViewController.swift */ = {isa = PBXFileReference; lastKnownFileType = sourcecode.swift; path = MessagesViewController.swift; sourceTree = "<group>"; };
		8B90D0681D82388C00FF151F /* Base */ = {isa = PBXFileReference; lastKnownFileType = file.storyboard; name = Base; path = Base.lproj/MainInterface.storyboard; sourceTree = "<group>"; };
		8B90D06A1D82388C00FF151F /* Assets.xcassets */ = {isa = PBXFileReference; lastKnownFileType = folder.assetcatalog; path = Assets.xcassets; sourceTree = "<group>"; };
		8B90D06C1D82388C00FF151F /* Info.plist */ = {isa = PBXFileReference; lastKnownFileType = text.plist.xml; path = Info.plist; sourceTree = "<group>"; };
		8B90D0761D8239E700FF151F /* StickerBrowserViewController.swift */ = {isa = PBXFileReference; fileEncoding = 4; lastKnownFileType = sourcecode.swift; path = StickerBrowserViewController.swift; sourceTree = "<group>"; };
		8B90D0A61D83235F00FF151F /* CollectionViewCell.swift */ = {isa = PBXFileReference; fileEncoding = 4; lastKnownFileType = sourcecode.swift; path = CollectionViewCell.swift; sourceTree = "<group>"; };
		8B90D0AC1D8356C600FF151F /* StoreKit.framework */ = {isa = PBXFileReference; lastKnownFileType = wrapper.framework; name = StoreKit.framework; path = System/Library/Frameworks/StoreKit.framework; sourceTree = SDKROOT; };
/* End PBXFileReference section */

/* Begin PBXFrameworksBuildPhase section */
		8B90D05A1D82388C00FF151F /* Frameworks */ = {
			isa = PBXFrameworksBuildPhase;
			buildActionMask = 2147483647;
			files = (
				8B90D0631D82388C00FF151F /* Messages.framework in Frameworks */,
				8B90D0AD1D8356C600FF151F /* StoreKit.framework in Frameworks */,
			);
			runOnlyForDeploymentPostprocessing = 0;
		};
/* End PBXFrameworksBuildPhase section */

/* Begin PBXGroup section */
		8B90D04C1D82388C00FF151F = {
			isa = PBXGroup;
			children = (
				8B90D0551D82388C00FF151F /* celebmoji */,
				8B90D0641D82388C00FF151F /* MessagesExtension */,
				8B90D0611D82388C00FF151F /* Frameworks */,
				8B90D0541D82388C00FF151F /* Products */,
			);
			sourceTree = "<group>";
		};
		8B90D0541D82388C00FF151F /* Products */ = {
			isa = PBXGroup;
			children = (
				8B90D0531D82388C00FF151F /* celebmoji.app */,
				8B90D05D1D82388C00FF151F /* MessagesExtension.appex */,
			);
			name = Products;
			sourceTree = "<group>";
		};
		8B90D0551D82388C00FF151F /* celebmoji */ = {
			isa = PBXGroup;
			children = (
				8B90D0561D82388C00FF151F /* Assets.xcassets */,
				8B90D0581D82388C00FF151F /* Info.plist */,
			);
			path = celebmoji;
			sourceTree = "<group>";
		};
		8B90D0611D82388C00FF151F /* Frameworks */ = {
			isa = PBXGroup;
			children = (
				8B90D0AC1D8356C600FF151F /* StoreKit.framework */,
				8B90D0621D82388C00FF151F /* Messages.framework */,
			);
			name = Frameworks;
			sourceTree = "<group>";
		};
		8B90D0641D82388C00FF151F /* MessagesExtension */ = {
			isa = PBXGroup;
			children = (
				8B90D0891D8243DC00FF151F /* Images */,
				8B90D0651D82388C00FF151F /* MessagesViewController.swift */,
				8B90D0761D8239E700FF151F /* StickerBrowserViewController.swift */,
				8B90D0A61D83235F00FF151F /* CollectionViewCell.swift */,
				8B90D0671D82388C00FF151F /* MainInterface.storyboard */,
				8B90D06A1D82388C00FF151F /* Assets.xcassets */,
				8B90D06C1D82388C00FF151F /* Info.plist */,
			);
			path = MessagesExtension;
			sourceTree = "<group>";
		};
		8B90D0891D8243DC00FF151F /* Images */ = {
			isa = PBXGroup;
			children = (
				8B881ACA1D88788E0020D9CB /* bernie.png */,
				8B881ACB1D88788E0020D9CB /* beyonce.png */,
				8B881ACC1D88788E0020D9CB /* bieber.png */,
				8B881ACD1D88788E0020D9CB /* chance.png */,
				8B881ACE1D88788E0020D9CB /* drake.png */,
				8B881ACF1D88788E0020D9CB /* frank.png */,
				8B881AD01D88788E0020D9CB /* hillary.png */,
				8B881AD11D88788E0020D9CB /* jayz.png */,
				8B881AD21D88788E0020D9CB /* jerry.png */,
				8B881AD31D88788E0020D9CB /* kanyewest.png */,
				8B881AD41D88788E0020D9CB /* kim.png */,
				8B881AD51D88788E0020D9CB /* taylor.png */,
				8B881AD61D88788E0020D9CB /* trump.png */,
				8B8819801D88780F0020D9CB /* Bernie (1).png */,
				8B8819811D88780F0020D9CB /* Bernie (2).png */,
				8B8819821D88780F0020D9CB /* Bernie (3).png */,
				8B8819831D88780F0020D9CB /* Bernie (4).png */,
				8B8819841D88780F0020D9CB /* Bernie (5).png */,
				8B8819851D88780F0020D9CB /* Bernie (6).png */,
				8B8819861D88780F0020D9CB /* Bernie (7).png */,
				8B8819871D88780F0020D9CB /* Bernie (8).png */,
				8B8819881D88780F0020D9CB /* Bernie (9).png */,
				8B8819891D88780F0020D9CB /* Bernie (10).png */,
				8B88198A1D88780F0020D9CB /* Beyonce (1).png */,
				8B88198B1D88780F0020D9CB /* Beyonce (2).png */,
				8B88198C1D88780F0020D9CB /* Beyonce (3).png */,
				8B88198D1D88780F0020D9CB /* Beyonce (4).png */,
				8B88198E1D88780F0020D9CB /* Beyonce (5).png */,
				8B88198F1D88780F0020D9CB /* Beyonce (6).png */,
				8B8819901D88780F0020D9CB /* Beyonce (7).png */,
				8B8819911D88780F0020D9CB /* Beyonce (8).png */,
				8B8819921D88780F0020D9CB /* Beyonce (9).png */,
				8B8819931D88780F0020D9CB /* Beyonce (10).png */,
				8B8819941D88780F0020D9CB /* Beyonce (11).png */,
				8B8819951D88780F0020D9CB /* Beyonce (12).png */,
				8B8819961D88780F0020D9CB /* Beyonce (13).png */,
				8B8819971D88780F0020D9CB /* Beyonce (14).png */,
				8B8819981D88780F0020D9CB /* Beyonce (15).png */,
				8B8819991D88780F0020D9CB /* Bieber (1).png */,
				8B88199A1D88780F0020D9CB /* Bieber (2).png */,
				8B88199B1D88780F0020D9CB /* Bieber (3).png */,
				8B88199C1D88780F0020D9CB /* Bieber (4).png */,
				8B88199D1D88780F0020D9CB /* Bieber (5).png */,
				8B88199E1D88780F0020D9CB /* Bieber (6).png */,
				8B88199F1D88780F0020D9CB /* Bieber (7).png */,
				8B8819A01D88780F0020D9CB /* Bieber (8).png */,
				8B8819A11D88780F0020D9CB /* Bieber (9).png */,
				8B8819A21D88780F0020D9CB /* Bieber (10).png */,
				8B8819A31D88780F0020D9CB /* Bieber (11).png */,
				8B8819A41D88780F0020D9CB /* Bieber (12).png */,
				8B8819A51D88780F0020D9CB /* Bieber (13).png */,
				8B8819A61D88780F0020D9CB /* Bieber (14).png */,
				8B8819A71D88780F0020D9CB /* Bieber (15).png */,
				8B8819A81D88780F0020D9CB /* Chance (1).png */,
				8B8819A91D88780F0020D9CB /* Chance (2).png */,
				8B8819AA1D88780F0020D9CB /* Chance (3).png */,
				8B8819AB1D88780F0020D9CB /* Chance (4).png */,
				8B8819AC1D88780F0020D9CB /* Chance (5).png */,
				8B8819AD1D88780F0020D9CB /* Chance (6).png */,
				8B8819AE1D88780F0020D9CB /* Chance (7).png */,
				8B8819AF1D88780F0020D9CB /* Chance (8).png */,
				8B8819B01D88780F0020D9CB /* Chance (9).png */,
				8B8819B11D88780F0020D9CB /* Chance (10).png */,
				8B8819B21D88780F0020D9CB /* Chance (11).png */,
				8B8819B31D88780F0020D9CB /* Chance (12).png */,
				8B8819B41D88780F0020D9CB /* Chance (13).png */,
				8B8819B51D88780F0020D9CB /* Chance (14).png */,
				8B8819B61D88780F0020D9CB /* Chance (15).png */,
				8B8819B71D8878100020D9CB /* Drake (1).png */,
				8B8819B81D8878100020D9CB /* Drake (2).png */,
				8B8819B91D8878100020D9CB /* Drake (3).png */,
				8B8819BA1D8878100020D9CB /* Drake (4).png */,
				8B8819BB1D8878100020D9CB /* Drake (5).png */,
				8B8819BC1D8878100020D9CB /* Drake (6).png */,
				8B8819BD1D8878100020D9CB /* Drake (7).png */,
				8B8819BE1D8878100020D9CB /* Drake (8).png */,
				8B8819BF1D8878100020D9CB /* Drake (9).png */,
				8B8819C01D8878100020D9CB /* Drake (10).png */,
				8B8819C11D8878100020D9CB /* Frank (1).png */,
				8B8819C21D8878100020D9CB /* Frank (2).png */,
				8B8819C31D8878100020D9CB /* Frank (3).png */,
				8B8819C41D8878100020D9CB /* Frank (4).png */,
				8B8819C51D8878100020D9CB /* Frank (5).png */,
				8B8819C61D8878100020D9CB /* Frank (6).png */,
				8B8819C71D8878100020D9CB /* Frank (7).png */,
				8B8819C81D8878100020D9CB /* Frank (8).png */,
				8B8819C91D8878100020D9CB /* Frank (9).png */,
				8B8819CA1D8878100020D9CB /* Frank (10).png */,
				8B8819CB1D8878100020D9CB /* Frank (11).png */,
				8B8819CC1D8878100020D9CB /* Frank (12).png */,
				8B8819CD1D8878100020D9CB /* Frank (13).png */,
				8B8819CE1D8878100020D9CB /* Frank (14).png */,
				8B8819CF1D8878100020D9CB /* Frank (15).png */,
				8B8819D01D8878100020D9CB /* Hillary (1).png */,
				8B8819D11D8878100020D9CB /* Hillary (2).png */,
				8B8819D21D8878100020D9CB /* Hillary (3).png */,
				8B8819D31D8878100020D9CB /* Hillary (4).png */,
				8B8819D41D8878100020D9CB /* Hillary (5).png */,
				8B8819D51D8878100020D9CB /* Hillary (6).png */,
				8B8819D61D8878100020D9CB /* Hillary (7).png */,
				8B8819D71D8878100020D9CB /* Hillary (8).png */,
				8B8819D81D8878100020D9CB /* Hillary (9).png */,
				8B8819D91D8878100020D9CB /* Hillary (10).png */,
				8B8819DA1D8878100020D9CB /* Jayz (1).png */,
				8B8819DB1D8878100020D9CB /* Jayz (2).png */,
				8B8819DC1D8878100020D9CB /* Jayz (3).png */,
				8B8819DD1D8878100020D9CB /* Jayz (4).png */,
				8B8819DE1D8878100020D9CB /* Jayz (5).png */,
				8B8819DF1D8878100020D9CB /* Jayz (6).png */,
				8B8819E01D8878100020D9CB /* Jayz (7).png */,
				8B8819E11D8878100020D9CB /* Jayz (8).png */,
				8B8819E21D8878100020D9CB /* Jayz (9).png */,
				8B8819E31D8878100020D9CB /* Jayz (10).png */,
				8B8819E41D8878100020D9CB /* Jerry (1).png */,
				8B8819E51D8878100020D9CB /* Jerry (2).png */,
				8B8819E61D8878100020D9CB /* Jerry (3).png */,
				8B8819E71D8878100020D9CB /* Jerry (4).png */,
				8B8819E81D8878100020D9CB /* Jerry (5).png */,
				8B8819E91D8878100020D9CB /* Jerry (6).png */,
				8B8819EA1D8878100020D9CB /* Jerry (7).png */,
				8B8819EB1D8878100020D9CB /* Jerry (8).png */,
				8B8819EC1D8878100020D9CB /* Jerry (9).png */,
				8B8819ED1D8878100020D9CB /* Jerry (10).png */,
				8B8819EE1D8878100020D9CB /* Kanye (1).png */,
				8B8819EF1D8878100020D9CB /* Kanye (2).png */,
				8B8819F01D8878100020D9CB /* Kanye (3).png */,
				8B8819F11D8878100020D9CB /* Kanye (4).png */,
				8B8819F21D8878100020D9CB /* Kanye (5).png */,
				8B8819F31D8878100020D9CB /* Kanye (6).png */,
				8B8819F41D8878100020D9CB /* Kanye (7).png */,
				8B8819F51D8878100020D9CB /* Kanye (8).png */,
				8B8819F61D8878100020D9CB /* Kanye (9).png */,
				8B8819F71D8878100020D9CB /* Kanye (10).png */,
				8B8819F81D8878100020D9CB /* Kanye (11).png */,
				8B8819F91D8878100020D9CB /* Kanye (12).png */,
				8B8819FA1D8878100020D9CB /* Kanye (13).png */,
				8B8819FB1D8878100020D9CB /* Kanye (14).png */,
				8B8819FC1D8878100020D9CB /* Kanye (15).png */,
				8B8819FD1D8878100020D9CB /* Kim (1).png */,
				8B8819FE1D8878100020D9CB /* Kim (2).png */,
				8B8819FF1D8878100020D9CB /* Kim (3).png */,
				8B881A001D8878100020D9CB /* Kim (4).png */,
				8B881A011D8878100020D9CB /* Kim (5).png */,
				8B881A021D8878100020D9CB /* Kim (6).png */,
				8B881A031D8878100020D9CB /* Kim (7).png */,
				8B881A041D8878100020D9CB /* Kim (8).png */,
				8B881A051D8878100020D9CB /* Kim (9).png */,
				8B881A061D8878100020D9CB /* Kim (10).png */,
				8B881A071D8878100020D9CB /* Kim (11).png */,
				8B881A081D8878100020D9CB /* Kim (12).png */,
				8B881A091D8878100020D9CB /* Kim (13).png */,
				8B881A0A1D8878100020D9CB /* Kim (14).png */,
				8B881A0B1D8878100020D9CB /* Kim (15).png */,
				8B881A0C1D8878100020D9CB /* Taylor (1).png */,
				8B881A0D1D8878100020D9CB /* Taylor (2).png */,
				8B881A0E1D8878100020D9CB /* Taylor (3).png */,
				8B881A0F1D8878100020D9CB /* Taylor (4).png */,
				8B881A101D8878100020D9CB /* Taylor (5).png */,
				8B881A111D8878100020D9CB /* Taylor (6).png */,
				8B881A121D8878100020D9CB /* Taylor (7).png */,
				8B881A131D8878100020D9CB /* Taylor (8).png */,
				8B881A141D8878100020D9CB /* Taylor (9).png */,
				8B881A151D8878100020D9CB /* Taylor (10).png */,
				8B881A161D8878100020D9CB /* Taylor (11).png */,
				8B881A171D8878100020D9CB /* Taylor (12).png */,
				8B881A181D8878100020D9CB /* Taylor (13).png */,
				8B881A191D8878100020D9CB /* Taylor (14).png */,
				8B881A1A1D8878100020D9CB /* Taylor (15).png */,
				8B881A1B1D8878100020D9CB /* Trump (1).png */,
				8B881A1C1D8878100020D9CB /* Trump (2).png */,
				8B881A1D1D8878100020D9CB /* Trump (3).png */,
				8B881A1E1D8878100020D9CB /* Trump (4).png */,
				8B881A1F1D8878100020D9CB /* Trump (5).png */,
				8B881A201D8878100020D9CB /* Trump (6).png */,
				8B881A211D8878100020D9CB /* Trump (7).png */,
				8B881A221D8878100020D9CB /* Trump (8).png */,
				8B881A231D8878100020D9CB /* Trump (9).png */,
				8B881A241D8878100020D9CB /* Trump (10).png */,
			);
			path = Images;
			sourceTree = "<group>";
		};
/* End PBXGroup section */

/* Begin PBXNativeTarget section */
		8B90D0521D82388C00FF151F /* celebmoji */ = {
			isa = PBXNativeTarget;
			buildConfigurationList = 8B90D0731D82388C00FF151F /* Build configuration list for PBXNativeTarget "celebmoji" */;
			buildPhases = (
				8B90D0511D82388C00FF151F /* Resources */,
				8B90D0721D82388C00FF151F /* Embed App Extensions */,
			);
			buildRules = (
			);
			dependencies = (
				8B90D0601D82388C00FF151F /* PBXTargetDependency */,
			);
			name = celebmoji;
			productName = celebmoji;
			productReference = 8B90D0531D82388C00FF151F /* celebmoji.app */;
			productType = "com.apple.product-type.application.messages";
		};
		8B90D05C1D82388C00FF151F /* MessagesExtension */ = {
			isa = PBXNativeTarget;
			buildConfigurationList = 8B90D06F1D82388C00FF151F /* Build configuration list for PBXNativeTarget "MessagesExtension" */;
			buildPhases = (
				8B90D0591D82388C00FF151F /* Sources */,
				8B90D05A1D82388C00FF151F /* Frameworks */,
				8B90D05B1D82388C00FF151F /* Resources */,
			);
			buildRules = (
			);
			dependencies = (
			);
			name = MessagesExtension;
			productName = MessagesExtension;
			productReference = 8B90D05D1D82388C00FF151F /* MessagesExtension.appex */;
			productType = "com.apple.product-type.app-extension.messages";
		};
/* End PBXNativeTarget section */

/* Begin PBXProject section */
		8B90D04D1D82388C00FF151F /* Project object */ = {
			isa = PBXProject;
			attributes = {
				LastSwiftUpdateCheck = 0800;
				LastUpgradeCheck = 0800;
				ORGANIZATIONNAME = zelig;
				TargetAttributes = {
					8B90D0521D82388C00FF151F = {
						CreatedOnToolsVersion = 8.0;
						DevelopmentTeam = 5VY7X6W92A;
						ProvisioningStyle = Manual;
					};
					8B90D05C1D82388C00FF151F = {
						CreatedOnToolsVersion = 8.0;
						DevelopmentTeam = 5VY7X6W92A;
						ProvisioningStyle = Manual;
						SystemCapabilities = {
							com.apple.InAppPurchase = {
								enabled = 1;
							};
						};
					};
				};
			};
			buildConfigurationList = 8B90D0501D82388C00FF151F /* Build configuration list for PBXProject "celebmoji" */;
			compatibilityVersion = "Xcode 3.2";
			developmentRegion = English;
			hasScannedForEncodings = 0;
			knownRegions = (
				en,
				Base,
			);
			mainGroup = 8B90D04C1D82388C00FF151F;
			productRefGroup = 8B90D0541D82388C00FF151F /* Products */;
			projectDirPath = "";
			projectRoot = "";
			targets = (
				8B90D0521D82388C00FF151F /* celebmoji */,
				8B90D05C1D82388C00FF151F /* MessagesExtension */,
			);
		};
/* End PBXProject section */

/* Begin PBXResourcesBuildPhase section */
		8B90D0511D82388C00FF151F /* Resources */ = {
			isa = PBXResourcesBuildPhase;
			buildActionMask = 2147483647;
			files = (
				8B90D0571D82388C00FF151F /* Assets.xcassets in Resources */,
			);
			runOnlyForDeploymentPostprocessing = 0;
		};
		8B90D05B1D82388C00FF151F /* Resources */ = {
			isa = PBXResourcesBuildPhase;
			buildActionMask = 2147483647;
			files = (
				8B881A6D1D8878100020D9CB /* Frank (8).png in Resources */,
				8B881A941D8878100020D9CB /* Kanye (2).png in Resources */,
				8B881A9D1D8878100020D9CB /* Kanye (11).png in Resources */,
				8B881A9B1D8878100020D9CB /* Kanye (9).png in Resources */,
				8B881A3C1D8878100020D9CB /* Beyonce (14).png in Resources */,
				8B881AA51D8878100020D9CB /* Kim (4).png in Resources */,
				8B881A431D8878100020D9CB /* Bieber (6).png in Resources */,
				8B881A501D8878100020D9CB /* Chance (4).png in Resources */,
				8B881AA31D8878100020D9CB /* Kim (2).png in Resources */,
				8B881A991D8878100020D9CB /* Kanye (7).png in Resources */,
				8B881AA91D8878100020D9CB /* Kim (8).png in Resources */,
				8B881A671D8878100020D9CB /* Frank (2).png in Resources */,
				8B881AE21D88788E0020D9CB /* taylor.png in Resources */,
				8B881AE01D88788E0020D9CB /* kanyewest.png in Resources */,
				8B881A291D8878100020D9CB /* Bernie (5).png in Resources */,
				8B881ABB1D8878100020D9CB /* Taylor (11).png in Resources */,
				8B90D06B1D82388C00FF151F /* Assets.xcassets in Resources */,
				8B881AA61D8878100020D9CB /* Kim (5).png in Resources */,
				8B881A7B1D8878100020D9CB /* Hillary (7).png in Resources */,
				8B881AA71D8878100020D9CB /* Kim (6).png in Resources */,
				8B881A6F1D8878100020D9CB /* Frank (10).png in Resources */,
				8B881ABF1D8878100020D9CB /* Taylor (15).png in Resources */,
				8B881A5F1D8878100020D9CB /* Drake (4).png in Resources */,
				8B881AA41D8878100020D9CB /* Kim (3).png in Resources */,
				8B881A6E1D8878100020D9CB /* Frank (9).png in Resources */,
				8B881A461D8878100020D9CB /* Bieber (9).png in Resources */,
				8B881A541D8878100020D9CB /* Chance (8).png in Resources */,
				8B881A951D8878100020D9CB /* Kanye (3).png in Resources */,
				8B881AD71D88788E0020D9CB /* bernie.png in Resources */,
				8B881A661D8878100020D9CB /* Frank (1).png in Resources */,
				8B881A681D8878100020D9CB /* Frank (3).png in Resources */,
				8B881AC21D8878100020D9CB /* Trump (3).png in Resources */,
				8B881A761D8878100020D9CB /* Hillary (2).png in Resources */,
				8B881A281D8878100020D9CB /* Bernie (4).png in Resources */,
				8B881AB51D8878100020D9CB /* Taylor (5).png in Resources */,
				8B881A261D8878100020D9CB /* Bernie (2).png in Resources */,
				8B881A2D1D8878100020D9CB /* Bernie (9).png in Resources */,
				8B881AC91D8878100020D9CB /* Trump (10).png in Resources */,
				8B881A5A1D8878100020D9CB /* Chance (14).png in Resources */,
				8B881A8B1D8878100020D9CB /* Jerry (3).png in Resources */,
				8B881AB31D8878100020D9CB /* Taylor (3).png in Resources */,
				8B881A2F1D8878100020D9CB /* Beyonce (1).png in Resources */,
				8B881AC71D8878100020D9CB /* Trump (8).png in Resources */,
				8B881A411D8878100020D9CB /* Bieber (4).png in Resources */,
				8B881A9C1D8878100020D9CB /* Kanye (10).png in Resources */,
				8B881A2B1D8878100020D9CB /* Bernie (7).png in Resources */,
				8B881AAB1D8878100020D9CB /* Kim (10).png in Resources */,
				8B881A621D8878100020D9CB /* Drake (7).png in Resources */,
				8B881AB41D8878100020D9CB /* Taylor (4).png in Resources */,
				8B881A4F1D8878100020D9CB /* Chance (3).png in Resources */,
				8B881A441D8878100020D9CB /* Bieber (7).png in Resources */,
				8B881A771D8878100020D9CB /* Hillary (3).png in Resources */,
				8B881A721D8878100020D9CB /* Frank (13).png in Resources */,
				8B881AAA1D8878100020D9CB /* Kim (9).png in Resources */,
				8B881A601D8878100020D9CB /* Drake (5).png in Resources */,
				8B881A571D8878100020D9CB /* Chance (11).png in Resources */,
				8B881A921D8878100020D9CB /* Jerry (10).png in Resources */,
				8B881A971D8878100020D9CB /* Kanye (5).png in Resources */,
				8B881A271D8878100020D9CB /* Bernie (3).png in Resources */,
				8B881A6A1D8878100020D9CB /* Frank (5).png in Resources */,
				8B881A381D8878100020D9CB /* Beyonce (10).png in Resources */,
				8B881A301D8878100020D9CB /* Beyonce (2).png in Resources */,
				8B881A861D8878100020D9CB /* Jayz (8).png in Resources */,
				8B881AB11D8878100020D9CB /* Taylor (1).png in Resources */,
				8B881A8D1D8878100020D9CB /* Jerry (5).png in Resources */,
				8B881A821D8878100020D9CB /* Jayz (4).png in Resources */,
				8B881A351D8878100020D9CB /* Beyonce (7).png in Resources */,
				8B881A4C1D8878100020D9CB /* Bieber (15).png in Resources */,
				8B881ADE1D88788E0020D9CB /* jayz.png in Resources */,
				8B881A551D8878100020D9CB /* Chance (9).png in Resources */,
				8B881A4A1D8878100020D9CB /* Bieber (13).png in Resources */,
				8B881A4E1D8878100020D9CB /* Chance (2).png in Resources */,
				8B881A3E1D8878100020D9CB /* Bieber (1).png in Resources */,
				8B881A9A1D8878100020D9CB /* Kanye (8).png in Resources */,
				8B881A7F1D8878100020D9CB /* Jayz (1).png in Resources */,
				8B881A3D1D8878100020D9CB /* Beyonce (15).png in Resources */,
				8B881A2A1D8878100020D9CB /* Bernie (6).png in Resources */,
				8B881ABC1D8878100020D9CB /* Taylor (12).png in Resources */,
				8B881ADA1D88788E0020D9CB /* chance.png in Resources */,
				8B881A9F1D8878100020D9CB /* Kanye (13).png in Resources */,
				8B881AC51D8878100020D9CB /* Trump (6).png in Resources */,
				8B881AB01D8878100020D9CB /* Kim (15).png in Resources */,
				8B881AD91D88788E0020D9CB /* bieber.png in Resources */,
				8B881A691D8878100020D9CB /* Frank (4).png in Resources */,
				8B881A531D8878100020D9CB /* Chance (7).png in Resources */,
				8B881A491D8878100020D9CB /* Bieber (12).png in Resources */,
				8B881A421D8878100020D9CB /* Bieber (5).png in Resources */,
				8B881A521D8878100020D9CB /* Chance (6).png in Resources */,
				8B881A7A1D8878100020D9CB /* Hillary (6).png in Resources */,
				8B881A3A1D8878100020D9CB /* Beyonce (12).png in Resources */,
				8B881AC01D8878100020D9CB /* Trump (1).png in Resources */,
				8B881A5B1D8878100020D9CB /* Chance (15).png in Resources */,
				8B881AA21D8878100020D9CB /* Kim (1).png in Resources */,
				8B881A901D8878100020D9CB /* Jerry (8).png in Resources */,
				8B881AB71D8878100020D9CB /* Taylor (7).png in Resources */,
				8B881A831D8878100020D9CB /* Jayz (5).png in Resources */,
				8B881AC11D8878100020D9CB /* Trump (2).png in Resources */,
				8B881A8C1D8878100020D9CB /* Jerry (4).png in Resources */,
				8B881AB21D8878100020D9CB /* Taylor (2).png in Resources */,
				8B881AD81D88788E0020D9CB /* beyonce.png in Resources */,
				8B881A7C1D8878100020D9CB /* Hillary (8).png in Resources */,
				8B881A8F1D8878100020D9CB /* Jerry (7).png in Resources */,
				8B881A401D8878100020D9CB /* Bieber (3).png in Resources */,
				8B881A8E1D8878100020D9CB /* Jerry (6).png in Resources */,
				8B881A851D8878100020D9CB /* Jayz (7).png in Resources */,
				8B881A981D8878100020D9CB /* Kanye (6).png in Resources */,
				8B881ADF1D88788E0020D9CB /* jerry.png in Resources */,
				8B881A2C1D8878100020D9CB /* Bernie (8).png in Resources */,
				8B881A6C1D8878100020D9CB /* Frank (7).png in Resources */,
				8B881A7E1D8878100020D9CB /* Hillary (10).png in Resources */,
				8B881AA01D8878100020D9CB /* Kanye (14).png in Resources */,
				8B881A731D8878100020D9CB /* Frank (14).png in Resources */,
				8B881A361D8878100020D9CB /* Beyonce (8).png in Resources */,
				8B881AAE1D8878100020D9CB /* Kim (13).png in Resources */,
				8B881AB81D8878100020D9CB /* Taylor (8).png in Resources */,
				8B881A881D8878100020D9CB /* Jayz (10).png in Resources */,
				8B881A5C1D8878100020D9CB /* Drake (1).png in Resources */,
				8B881A2E1D8878100020D9CB /* Bernie (10).png in Resources */,
				8B881AA11D8878100020D9CB /* Kanye (15).png in Resources */,
				8B881AC81D8878100020D9CB /* Trump (9).png in Resources */,
				8B881A591D8878100020D9CB /* Chance (13).png in Resources */,
				8B881A581D8878100020D9CB /* Chance (12).png in Resources */,
				8B881A341D8878100020D9CB /* Beyonce (6).png in Resources */,
				8B881AC31D8878100020D9CB /* Trump (4).png in Resources */,
				8B881A911D8878100020D9CB /* Jerry (9).png in Resources */,
				8B881A3B1D8878100020D9CB /* Beyonce (13).png in Resources */,
				8B881A451D8878100020D9CB /* Bieber (8).png in Resources */,
				8B881ADB1D88788E0020D9CB /* drake.png in Resources */,
				8B881A7D1D8878100020D9CB /* Hillary (9).png in Resources */,
				8B881A961D8878100020D9CB /* Kanye (4).png in Resources */,
				8B881A741D8878100020D9CB /* Frank (15).png in Resources */,
				8B881A641D8878100020D9CB /* Drake (9).png in Resources */,
				8B881A871D8878100020D9CB /* Jayz (9).png in Resources */,
				8B881A931D8878100020D9CB /* Kanye (1).png in Resources */,
				8B881AE11D88788E0020D9CB /* kim.png in Resources */,
				8B881A561D8878100020D9CB /* Chance (10).png in Resources */,
				8B881ADC1D88788E0020D9CB /* frank.png in Resources */,
				8B881AAD1D8878100020D9CB /* Kim (12).png in Resources */,
				8B881ABD1D8878100020D9CB /* Taylor (13).png in Resources */,
				8B881A751D8878100020D9CB /* Hillary (1).png in Resources */,
				8B881A371D8878100020D9CB /* Beyonce (9).png in Resources */,
				8B881A321D8878100020D9CB /* Beyonce (4).png in Resources */,
				8B881A9E1D8878100020D9CB /* Kanye (12).png in Resources */,
				8B881A711D8878100020D9CB /* Frank (12).png in Resources */,
				8B881A8A1D8878100020D9CB /* Jerry (2).png in Resources */,
				8B881A5E1D8878100020D9CB /* Drake (3).png in Resources */,
				8B881AC61D8878100020D9CB /* Trump (7).png in Resources */,
				8B881A811D8878100020D9CB /* Jayz (3).png in Resources */,
				8B881A311D8878100020D9CB /* Beyonce (3).png in Resources */,
				8B881A841D8878100020D9CB /* Jayz (6).png in Resources */,
				8B881A251D8878100020D9CB /* Bernie (1).png in Resources */,
				8B881A391D8878100020D9CB /* Beyonce (11).png in Resources */,
				8B881AE31D88788E0020D9CB /* trump.png in Resources */,
				8B881A5D1D8878100020D9CB /* Drake (2).png in Resources */,
				8B881A4B1D8878100020D9CB /* Bieber (14).png in Resources */,
				8B881A471D8878100020D9CB /* Bieber (10).png in Resources */,
				8B881AAC1D8878100020D9CB /* Kim (11).png in Resources */,
				8B881A791D8878100020D9CB /* Hillary (5).png in Resources */,
				8B881AA81D8878100020D9CB /* Kim (7).png in Resources */,
				8B881ADD1D88788E0020D9CB /* hillary.png in Resources */,
				8B881A481D8878100020D9CB /* Bieber (11).png in Resources */,
				8B881ABA1D8878100020D9CB /* Taylor (10).png in Resources */,
				8B881ABE1D8878100020D9CB /* Taylor (14).png in Resources */,
				8B881A651D8878100020D9CB /* Drake (10).png in Resources */,
				8B881A4D1D8878100020D9CB /* Chance (1).png in Resources */,
				8B881A331D8878100020D9CB /* Beyonce (5).png in Resources */,
				8B881A611D8878100020D9CB /* Drake (6).png in Resources */,
				8B881A3F1D8878100020D9CB /* Bieber (2).png in Resources */,
				8B881A891D8878100020D9CB /* Jerry (1).png in Resources */,
				8B881AB61D8878100020D9CB /* Taylor (6).png in Resources */,
				8B881A781D8878100020D9CB /* Hillary (4).png in Resources */,
				8B881A631D8878100020D9CB /* Drake (8).png in Resources */,
				8B881AB91D8878100020D9CB /* Taylor (9).png in Resources */,
				8B881A6B1D8878100020D9CB /* Frank (6).png in Resources */,
				8B881A801D8878100020D9CB /* Jayz (2).png in Resources */,
				8B90D0691D82388C00FF151F /* MainInterface.storyboard in Resources */,
				8B881AC41D8878100020D9CB /* Trump (5).png in Resources */,
				8B881A701D8878100020D9CB /* Frank (11).png in Resources */,
				8B881AAF1D8878100020D9CB /* Kim (14).png in Resources */,
				8B881A511D8878100020D9CB /* Chance (5).png in Resources */,
			);
			runOnlyForDeploymentPostprocessing = 0;
		};
/* End PBXResourcesBuildPhase section */

/* Begin PBXSourcesBuildPhase section */
		8B90D0591D82388C00FF151F /* Sources */ = {
			isa = PBXSourcesBuildPhase;
			buildActionMask = 2147483647;
			files = (
				8B90D0661D82388C00FF151F /* MessagesViewController.swift in Sources */,
				8B90D0771D8239E700FF151F /* StickerBrowserViewController.swift in Sources */,
				8B90D0A71D83235F00FF151F /* CollectionViewCell.swift in Sources */,
			);
			runOnlyForDeploymentPostprocessing = 0;
		};
/* End PBXSourcesBuildPhase section */

/* Begin PBXTargetDependency section */
		8B90D0601D82388C00FF151F /* PBXTargetDependency */ = {
			isa = PBXTargetDependency;
			target = 8B90D05C1D82388C00FF151F /* MessagesExtension */;
			targetProxy = 8B90D05F1D82388C00FF151F /* PBXContainerItemProxy */;
		};
/* End PBXTargetDependency section */

/* Begin PBXVariantGroup section */
		8B90D0671D82388C00FF151F /* MainInterface.storyboard */ = {
			isa = PBXVariantGroup;
			children = (
				8B90D0681D82388C00FF151F /* Base */,
			);
			name = MainInterface.storyboard;
			sourceTree = "<group>";
		};
/* End PBXVariantGroup section */

/* Begin XCBuildConfiguration section */
		8B90D06D1D82388C00FF151F /* Debug */ = {
			isa = XCBuildConfiguration;
			buildSettings = {
				ALWAYS_SEARCH_USER_PATHS = NO;
				CLANG_ANALYZER_NONNULL = YES;
				CLANG_CXX_LANGUAGE_STANDARD = "gnu++0x";
				CLANG_CXX_LIBRARY = "libc++";
				CLANG_ENABLE_MODULES = YES;
				CLANG_ENABLE_OBJC_ARC = YES;
				CLANG_WARN_BOOL_CONVERSION = YES;
				CLANG_WARN_CONSTANT_CONVERSION = YES;
				CLANG_WARN_DIRECT_OBJC_ISA_USAGE = YES_ERROR;
				CLANG_WARN_DOCUMENTATION_COMMENTS = YES;
				CLANG_WARN_EMPTY_BODY = YES;
				CLANG_WARN_ENUM_CONVERSION = YES;
				CLANG_WARN_INFINITE_RECURSION = YES;
				CLANG_WARN_INT_CONVERSION = YES;
				CLANG_WARN_OBJC_ROOT_CLASS = YES_ERROR;
				CLANG_WARN_SUSPICIOUS_MOVES = YES;
				CLANG_WARN_UNREACHABLE_CODE = YES;
				CLANG_WARN__DUPLICATE_METHOD_MATCH = YES;
				"CODE_SIGN_IDENTITY[sdk=iphoneos*]" = "iPhone Developer";
				COPY_PHASE_STRIP = NO;
				DEBUG_INFORMATION_FORMAT = dwarf;
				ENABLE_STRICT_OBJC_MSGSEND = YES;
				ENABLE_TESTABILITY = YES;
				GCC_C_LANGUAGE_STANDARD = gnu99;
				GCC_DYNAMIC_NO_PIC = NO;
				GCC_NO_COMMON_BLOCKS = YES;
				GCC_OPTIMIZATION_LEVEL = 0;
				GCC_PREPROCESSOR_DEFINITIONS = (
					"DEBUG=1",
					"$(inherited)",
				);
				GCC_WARN_64_TO_32_BIT_CONVERSION = YES;
				GCC_WARN_ABOUT_RETURN_TYPE = YES_ERROR;
				GCC_WARN_UNDECLARED_SELECTOR = YES;
				GCC_WARN_UNINITIALIZED_AUTOS = YES_AGGRESSIVE;
				GCC_WARN_UNUSED_FUNCTION = YES;
				GCC_WARN_UNUSED_VARIABLE = YES;
				IPHONEOS_DEPLOYMENT_TARGET = 10.0;
				MTL_ENABLE_DEBUG_INFO = YES;
				ONLY_ACTIVE_ARCH = YES;
				SDKROOT = iphoneos;
				SWIFT_ACTIVE_COMPILATION_CONDITIONS = DEBUG;
				SWIFT_OPTIMIZATION_LEVEL = "-Onone";
			};
			name = Debug;
		};
		8B90D06E1D82388C00FF151F /* Release */ = {
			isa = XCBuildConfiguration;
			buildSettings = {
				ALWAYS_SEARCH_USER_PATHS = NO;
				CLANG_ANALYZER_NONNULL = YES;
				CLANG_CXX_LANGUAGE_STANDARD = "gnu++0x";
				CLANG_CXX_LIBRARY = "libc++";
				CLANG_ENABLE_MODULES = YES;
				CLANG_ENABLE_OBJC_ARC = YES;
				CLANG_WARN_BOOL_CONVERSION = YES;
				CLANG_WARN_CONSTANT_CONVERSION = YES;
				CLANG_WARN_DIRECT_OBJC_ISA_USAGE = YES_ERROR;
				CLANG_WARN_DOCUMENTATION_COMMENTS = YES;
				CLANG_WARN_EMPTY_BODY = YES;
				CLANG_WARN_ENUM_CONVERSION = YES;
				CLANG_WARN_INFINITE_RECURSION = YES;
				CLANG_WARN_INT_CONVERSION = YES;
				CLANG_WARN_OBJC_ROOT_CLASS = YES_ERROR;
				CLANG_WARN_SUSPICIOUS_MOVES = YES;
				CLANG_WARN_UNREACHABLE_CODE = YES;
				CLANG_WARN__DUPLICATE_METHOD_MATCH = YES;
				"CODE_SIGN_IDENTITY[sdk=iphoneos*]" = "iPhone Developer";
				COPY_PHASE_STRIP = NO;
				DEBUG_INFORMATION_FORMAT = "dwarf-with-dsym";
				ENABLE_NS_ASSERTIONS = NO;
				ENABLE_STRICT_OBJC_MSGSEND = YES;
				GCC_C_LANGUAGE_STANDARD = gnu99;
				GCC_NO_COMMON_BLOCKS = YES;
				GCC_WARN_64_TO_32_BIT_CONVERSION = YES;
				GCC_WARN_ABOUT_RETURN_TYPE = YES_ERROR;
				GCC_WARN_UNDECLARED_SELECTOR = YES;
				GCC_WARN_UNINITIALIZED_AUTOS = YES_AGGRESSIVE;
				GCC_WARN_UNUSED_FUNCTION = YES;
				GCC_WARN_UNUSED_VARIABLE = YES;
				IPHONEOS_DEPLOYMENT_TARGET = 10.0;
				MTL_ENABLE_DEBUG_INFO = NO;
				SDKROOT = iphoneos;
				SWIFT_OPTIMIZATION_LEVEL = "-Owholemodule";
				VALIDATE_PRODUCT = YES;
			};
			name = Release;
		};
		8B90D0701D82388C00FF151F /* Debug */ = {
			isa = XCBuildConfiguration;
			buildSettings = {
				ASSETCATALOG_COMPILER_APPICON_NAME = "iMessage App Icon";
				"CODE_SIGN_IDENTITY[sdk=iphoneos*]" = "iPhone Developer";
				DEVELOPMENT_TEAM = 5VY7X6W92A;
				INFOPLIST_FILE = MessagesExtension/Info.plist;
				LD_RUNPATH_SEARCH_PATHS = "$(inherited) @executable_path/Frameworks @executable_path/../../Frameworks";
				PRODUCT_BUNDLE_IDENTIFIER = celeb.moji.MessagesExtension;
				PRODUCT_NAME = "$(TARGET_NAME)";
				PROVISIONING_PROFILE = "e556020a-42f4-4ace-9e29-c27bd8da723e";
				PROVISIONING_PROFILE_SPECIFIER = celeb.moji.MesseagesExtension;
				SKIP_INSTALL = YES;
				SWIFT_VERSION = 3.0;
			};
			name = Debug;
		};
		8B90D0711D82388C00FF151F /* Release */ = {
			isa = XCBuildConfiguration;
			buildSettings = {
				ASSETCATALOG_COMPILER_APPICON_NAME = "iMessage App Icon";
				"CODE_SIGN_IDENTITY[sdk=iphoneos*]" = "iPhone Developer";
				DEVELOPMENT_TEAM = 5VY7X6W92A;
				INFOPLIST_FILE = MessagesExtension/Info.plist;
				LD_RUNPATH_SEARCH_PATHS = "$(inherited) @executable_path/Frameworks @executable_path/../../Frameworks";
				PRODUCT_BUNDLE_IDENTIFIER = celeb.moji.MessagesExtension;
				PRODUCT_NAME = "$(TARGET_NAME)";
				PROVISIONING_PROFILE = "e556020a-42f4-4ace-9e29-c27bd8da723e";
				PROVISIONING_PROFILE_SPECIFIER = celeb.moji.MesseagesExtension;
				SKIP_INSTALL = YES;
				SWIFT_VERSION = 3.0;
			};
			name = Release;
		};
		8B90D0741D82388C00FF151F /* Debug */ = {
			isa = XCBuildConfiguration;
			buildSettings = {
				ALWAYS_EMBED_SWIFT_STANDARD_LIBRARIES = YES;
				ASSETCATALOG_COMPILER_APPICON_NAME = AppIcon;
				"CODE_SIGN_IDENTITY[sdk=iphoneos*]" = "iPhone Developer";
				DEVELOPMENT_TEAM = 5VY7X6W92A;
				INFOPLIST_FILE = celebmoji/Info.plist;
				PRODUCT_BUNDLE_IDENTIFIER = celeb.moji;
				PRODUCT_NAME = "$(TARGET_NAME)";
				PROVISIONING_PROFILE = "ea225abf-ed62-4e07-9dfb-42756197e041";
				PROVISIONING_PROFILE_SPECIFIER = celeb.moji;
				SWIFT_VERSION = 3.0;
				TARGETED_DEVICE_FAMILY = "1,2";
			};
			name = Debug;
		};
		8B90D0751D82388C00FF151F /* Release */ = {
			isa = XCBuildConfiguration;
			buildSettings = {
				ALWAYS_EMBED_SWIFT_STANDARD_LIBRARIES = YES;
				ASSETCATALOG_COMPILER_APPICON_NAME = AppIcon;
				"CODE_SIGN_IDENTITY[sdk=iphoneos*]" = "iPhone Developer";
				DEVELOPMENT_TEAM = 5VY7X6W92A;
				INFOPLIST_FILE = celebmoji/Info.plist;
				PRODUCT_BUNDLE_IDENTIFIER = celeb.moji;
				PRODUCT_NAME = "$(TARGET_NAME)";
				PROVISIONING_PROFILE = "ea225abf-ed62-4e07-9dfb-42756197e041";
				PROVISIONING_PROFILE_SPECIFIER = celeb.moji;
				SWIFT_VERSION = 3.0;
				TARGETED_DEVICE_FAMILY = "1,2";
			};
			name = Release;
		};
/* End XCBuildConfiguration section */

/* Begin XCConfigurationList section */
		8B90D0501D82388C00FF151F /* Build configuration list for PBXProject "celebmoji" */ = {
			isa = XCConfigurationList;
			buildConfigurations = (
				8B90D06D1D82388C00FF151F /* Debug */,
				8B90D06E1D82388C00FF151F /* Release */,
			);
			defaultConfigurationIsVisible = 0;
			defaultConfigurationName = Release;
		};
		8B90D06F1D82388C00FF151F /* Build configuration list for PBXNativeTarget "MessagesExtension" */ = {
			isa = XCConfigurationList;
			buildConfigurations = (
				8B90D0701D82388C00FF151F /* Debug */,
				8B90D0711D82388C00FF151F /* Release */,
			);
			defaultConfigurationIsVisible = 0;
			defaultConfigurationName = Release;
		};
		8B90D0731D82388C00FF151F /* Build configuration list for PBXNativeTarget "celebmoji" */ = {
			isa = XCConfigurationList;
			buildConfigurations = (
				8B90D0741D82388C00FF151F /* Debug */,
				8B90D0751D82388C00FF151F /* Release */,
			);
			defaultConfigurationIsVisible = 0;
			defaultConfigurationName = Release;
		};
/* End XCConfigurationList section */
	};
	rootObject = 8B90D04D1D82388C00FF151F /* Project object */;
}
